// !$*UTF8*$!
{
	archiveVersion = 1;
	classes = {
	};
	objectVersion = 48;
	objects = {

/* Begin PBXBuildFile section */
		66149D2A1FE76ADA00EBDEE0 /* UICountingLabel.m in Sources */ = {isa = PBXBuildFile; fileRef = 66149D281FE76AD900EBDEE0 /* UICountingLabel.m */; };
		66149D311FE7B64B00EBDEE0 /* YHSuspendBtn.m in Sources */ = {isa = PBXBuildFile; fileRef = 66149D301FE7B64B00EBDEE0 /* YHSuspendBtn.m */; };
		66149D361FE7B70D00EBDEE0 /* JJYUIScreenHelp.m in Sources */ = {isa = PBXBuildFile; fileRef = 66149D331FE7B70C00EBDEE0 /* JJYUIScreenHelp.m */; };
		66149D371FE7B70D00EBDEE0 /* JJYViewHelp.m in Sources */ = {isa = PBXBuildFile; fileRef = 66149D351FE7B70C00EBDEE0 /* JJYViewHelp.m */; };
		662340B61FDA94FD00937B5A /* GDataXMLNode.m in Sources */ = {isa = PBXBuildFile; fileRef = 662340B51FDA94FD00937B5A /* GDataXMLNode.m */; settings = {COMPILER_FLAGS = "-fno-objc-arc"; }; };
		662340B91FDA953B00937B5A /* AdData.m in Sources */ = {isa = PBXBuildFile; fileRef = 662340B81FDA953A00937B5A /* AdData.m */; };
		662340BB1FDA9C9900937B5A /* libxml2.2.tbd in Frameworks */ = {isa = PBXBuildFile; fileRef = 662340BA1FDA9C9900937B5A /* libxml2.2.tbd */; };
		662340BD1FDA9CBB00937B5A /* libc++.tbd in Frameworks */ = {isa = PBXBuildFile; fileRef = 662340BC1FDA9CBB00937B5A /* libc++.tbd */; };
		663A90361F95EFB000A698FF /* YHExciseViewController.m in Sources */ = {isa = PBXBuildFile; fileRef = 663A90351F95EFB000A698FF /* YHExciseViewController.m */; };
		6656D1761FDE7450001E505E /* UIView+YHTransitionAnimation.m in Sources */ = {isa = PBXBuildFile; fileRef = 6656D1751FDE7450001E505E /* UIView+YHTransitionAnimation.m */; };
		6656D1781FDE767C001E505E /* YHGuideView.xib in Resources */ = {isa = PBXBuildFile; fileRef = 6656D1771FDE767C001E505E /* YHGuideView.xib */; };
		6656D17F1FDE801A001E505E /* YHMainFirstViewController.m in Sources */ = {isa = PBXBuildFile; fileRef = 6656D17E1FDE801A001E505E /* YHMainFirstViewController.m */; };
		6656D1851FDE8121001E505E /* WMGiftDetaultAnimationView.m in Sources */ = {isa = PBXBuildFile; fileRef = 6656D1831FDE8121001E505E /* WMGiftDetaultAnimationView.m */; };
		6656D1881FDE83EE001E505E /* YHMainSecondViewController.m in Sources */ = {isa = PBXBuildFile; fileRef = 6656D1871FDE83EE001E505E /* YHMainSecondViewController.m */; };
		6656D18E1FDE8841001E505E /* YHNavigationController.m in Sources */ = {isa = PBXBuildFile; fileRef = 6656D18D1FDE8841001E505E /* YHNavigationController.m */; };
		6656D1911FDEA17F001E505E /* YHSigninTopView.m in Sources */ = {isa = PBXBuildFile; fileRef = 6656D1901FDEA17F001E505E /* YHSigninTopView.m */; };
		667A38B11FE21AA7002ED9A8 /* YHCalendarTool.m in Sources */ = {isa = PBXBuildFile; fileRef = 667A38B01FE21AA7002ED9A8 /* YHCalendarTool.m */; };
		668CE15A1F9463C40069A542 /* YHGuideView.m in Sources */ = {isa = PBXBuildFile; fileRef = 668CE1591F9463C40069A542 /* YHGuideView.m */; };
		668CE1611F94C0170069A542 /* UIView+Frame.m in Sources */ = {isa = PBXBuildFile; fileRef = 668CE1601F94BF680069A542 /* UIView+Frame.m */; };
		66A1BA9E1F9059E10096907F /* AdModel.m in Sources */ = {isa = PBXBuildFile; fileRef = 66A1BA9D1F9059E10096907F /* AdModel.m */; };
		66A1BAA21F905ECE0096907F /* YHRootNet.m in Sources */ = {isa = PBXBuildFile; fileRef = 66A1BAA11F905ECE0096907F /* YHRootNet.m */; };
		66A1BAA51F90637A0096907F /* YHDatasourceNetData.m in Sources */ = {isa = PBXBuildFile; fileRef = 66A1BAA41F90637A0096907F /* YHDatasourceNetData.m */; };
		66A3D5421FE109B900263A6F /* YHCalenderView.m in Sources */ = {isa = PBXBuildFile; fileRef = 66A3D5411FE109B900263A6F /* YHCalenderView.m */; };
		66A3D5451FE110A600263A6F /* YHCalendarWeekCell.m in Sources */ = {isa = PBXBuildFile; fileRef = 66A3D5441FE110A600263A6F /* YHCalendarWeekCell.m */; };
		66A3D5481FE110FD00263A6F /* YHCalendarDayCell.m in Sources */ = {isa = PBXBuildFile; fileRef = 66A3D5471FE110FD00263A6F /* YHCalendarDayCell.m */; };
		66A3D54B1FE12CC400263A6F /* YHCalendarModel.m in Sources */ = {isa = PBXBuildFile; fileRef = 66A3D54A1FE12CC400263A6F /* YHCalendarModel.m */; };
		66A3D54E1FE1301300263A6F /* YHCalendarData.m in Sources */ = {isa = PBXBuildFile; fileRef = 66A3D54D1FE1301300263A6F /* YHCalendarData.m */; };
		66DCE90F1F99E2C400AE5655 /* YHMainTabBarViewController.m in Sources */ = {isa = PBXBuildFile; fileRef = 66DCE90E1F99E2C400AE5655 /* YHMainTabBarViewController.m */; };
		66DCE9121F99E46B00AE5655 /* YHNavigationViewController.m in Sources */ = {isa = PBXBuildFile; fileRef = 66DCE9111F99E46B00AE5655 /* YHNavigationViewController.m */; };
		66DCE9151F99F50500AE5655 /* YHExciseView.m in Sources */ = {isa = PBXBuildFile; fileRef = 66DCE9141F99F50500AE5655 /* YHExciseView.m */; };
		66E712601F8F4DB200D8130E /* YU_IOSTests.m in Sources */ = {isa = PBXBuildFile; fileRef = 66E7125F1F8F4DB200D8130E /* YU_IOSTests.m */; };
		66E7126B1F8F4DB200D8130E /* YU_IOSUITests.m in Sources */ = {isa = PBXBuildFile; fileRef = 66E7126A1F8F4DB200D8130E /* YU_IOSUITests.m */; };
		66E7127E1F8F4E1F00D8130E /* YHMainViewController.m in Sources */ = {isa = PBXBuildFile; fileRef = 66E7127D1F8F4E1F00D8130E /* YHMainViewController.m */; };
		66E712891F8F4EE100D8130E /* main.m in Sources */ = {isa = PBXBuildFile; fileRef = 66E712881F8F4EC400D8130E /* main.m */; };
		66E7128B1F8F4F0A00D8130E /* AppDelegate.m in Sources */ = {isa = PBXBuildFile; fileRef = 66E712811F8F4EC400D8130E /* AppDelegate.m */; };
		66E712961F8F7C3C00D8130E /* YHAdViewController.m in Sources */ = {isa = PBXBuildFile; fileRef = 66E712941F8F7C3C00D8130E /* YHAdViewController.m */; };
		66E712971F8F7C3C00D8130E /* YHAdViewController.xib in Resources */ = {isa = PBXBuildFile; fileRef = 66E712951F8F7C3C00D8130E /* YHAdViewController.xib */; };
		66EFC4BD1F9DC1530067CA32 /* Assets.xcassets in Resources */ = {isa = PBXBuildFile; fileRef = 66E712821F8F4EC400D8130E /* Assets.xcassets */; };
		66EFC4C01F9DCB070067CA32 /* YHPlayerAnimation.m in Sources */ = {isa = PBXBuildFile; fileRef = 66EFC4BF1F9DCA580067CA32 /* YHPlayerAnimation.m */; };
		66EFC4C31F9DD6980067CA32 /* YHOrderRecorderView.m in Sources */ = {isa = PBXBuildFile; fileRef = 66EFC4C21F9DD6980067CA32 /* YHOrderRecorderView.m */; settings = {COMPILER_FLAGS = "-fno-objc-arc"; }; };
		66EFC4C61F9DD8180067CA32 /* YHUserInfo.m in Sources */ = {isa = PBXBuildFile; fileRef = 66EFC4C51F9DD8180067CA32 /* YHUserInfo.m */; };
		66EFC50E1F9DDD020067CA32 /* DGActivityIndicatorBallBeatAnimation.m in Sources */ = {isa = PBXBuildFile; fileRef = 66EFC4CA1F9DDC0C0067CA32 /* DGActivityIndicatorBallBeatAnimation.m */; };
		66EFC50F1F9DDD020067CA32 /* DGActivityIndicatorBallClipRotateAnimation.m in Sources */ = {isa = PBXBuildFile; fileRef = 66EFC4CC1F9DDC0C0067CA32 /* DGActivityIndicatorBallClipRotateAnimation.m */; };
		66EFC5101F9DDD020067CA32 /* DGActivityIndicatorBallClipRotateMultipleAnimation.m in Sources */ = {isa = PBXBuildFile; fileRef = 66EFC4CE1F9DDC0C0067CA32 /* DGActivityIndicatorBallClipRotateMultipleAnimation.m */; };
		66EFC5111F9DDD020067CA32 /* DGActivityIndicatorBallClipRotatePulseAnimation.m in Sources */ = {isa = PBXBuildFile; fileRef = 66EFC4D01F9DDC0C0067CA32 /* DGActivityIndicatorBallClipRotatePulseAnimation.m */; };
		66EFC5121F9DDD020067CA32 /* DGActivityIndicatorBallGridBeatAnimation.m in Sources */ = {isa = PBXBuildFile; fileRef = 66EFC4D21F9DDC0C0067CA32 /* DGActivityIndicatorBallGridBeatAnimation.m */; };
		66EFC5131F9DDD020067CA32 /* DGActivityIndicatorBallGridPulseAnimation.m in Sources */ = {isa = PBXBuildFile; fileRef = 66EFC4D41F9DDC0C0067CA32 /* DGActivityIndicatorBallGridPulseAnimation.m */; };
		66EFC5141F9DDD020067CA32 /* DGActivityIndicatorBallPulseAnimation.m in Sources */ = {isa = PBXBuildFile; fileRef = 66EFC4D61F9DDC0C0067CA32 /* DGActivityIndicatorBallPulseAnimation.m */; };
		66EFC5151F9DDD020067CA32 /* DGActivityIndicatorBallPulseSyncAnimation.m in Sources */ = {isa = PBXBuildFile; fileRef = 66EFC4D81F9DDC0C0067CA32 /* DGActivityIndicatorBallPulseSyncAnimation.m */; };
		66EFC5161F9DDD020067CA32 /* DGActivityIndicatorBallRotateAnimation.m in Sources */ = {isa = PBXBuildFile; fileRef = 66EFC4DA1F9DDC0C0067CA32 /* DGActivityIndicatorBallRotateAnimation.m */; };
		66EFC5171F9DDD020067CA32 /* DGActivityIndicatorBallScaleAnimation.m in Sources */ = {isa = PBXBuildFile; fileRef = 66EFC4DC1F9DDC0C0067CA32 /* DGActivityIndicatorBallScaleAnimation.m */; };
		66EFC5181F9DDD020067CA32 /* DGActivityIndicatorBallScaleMultipleAnimation.m in Sources */ = {isa = PBXBuildFile; fileRef = 66EFC4DE1F9DDC0C0067CA32 /* DGActivityIndicatorBallScaleMultipleAnimation.m */; };
		66EFC5191F9DDD020067CA32 /* DGActivityIndicatorBallScaleRippleAnimation.m in Sources */ = {isa = PBXBuildFile; fileRef = 66EFC4E01F9DDC0C0067CA32 /* DGActivityIndicatorBallScaleRippleAnimation.m */; };
		66EFC51A1F9DDD020067CA32 /* DGActivityIndicatorBallScaleRippleMultipleAnimation.m in Sources */ = {isa = PBXBuildFile; fileRef = 66EFC4E21F9DDC0C0067CA32 /* DGActivityIndicatorBallScaleRippleMultipleAnimation.m */; };
		66EFC51B1F9DDD020067CA32 /* DGActivityIndicatorBallSpinFadeLoader.m in Sources */ = {isa = PBXBuildFile; fileRef = 66EFC4E41F9DDC0C0067CA32 /* DGActivityIndicatorBallSpinFadeLoader.m */; };
		66EFC51C1F9DDD020067CA32 /* DGActivityIndicatorBallTrianglePathAnimation.m in Sources */ = {isa = PBXBuildFile; fileRef = 66EFC4E61F9DDC0C0067CA32 /* DGActivityIndicatorBallTrianglePathAnimation.m */; };
		66EFC51D1F9DDD020067CA32 /* DGActivityIndicatorBallZigZagAnimation.m in Sources */ = {isa = PBXBuildFile; fileRef = 66EFC4E81F9DDC0C0067CA32 /* DGActivityIndicatorBallZigZagAnimation.m */; };
		66EFC51E1F9DDD020067CA32 /* DGActivityIndicatorBallZigZagDeflectAnimation.m in Sources */ = {isa = PBXBuildFile; fileRef = 66EFC4EA1F9DDC0C0067CA32 /* DGActivityIndicatorBallZigZagDeflectAnimation.m */; };
		66EFC51F1F9DDD020067CA32 /* DGActivityIndicatorCookieTerminatorAnimation.m in Sources */ = {isa = PBXBuildFile; fileRef = 66EFC4EC1F9DDC0C0067CA32 /* DGActivityIndicatorCookieTerminatorAnimation.m */; };
		66EFC5201F9DDD020067CA32 /* DGActivityIndicatorDoubleBounceAnimation.m in Sources */ = {isa = PBXBuildFile; fileRef = 66EFC4EE1F9DDC0C0067CA32 /* DGActivityIndicatorDoubleBounceAnimation.m */; };
		66EFC5211F9DDD020067CA32 /* DGActivityIndicatorFiveDotsAnimation.m in Sources */ = {isa = PBXBuildFile; fileRef = 66EFC4F01F9DDC0C0067CA32 /* DGActivityIndicatorFiveDotsAnimation.m */; };
		66EFC5221F9DDD020067CA32 /* DGActivityIndicatorLineScaleAnimation.m in Sources */ = {isa = PBXBuildFile; fileRef = 66EFC4F21F9DDC0C0067CA32 /* DGActivityIndicatorLineScaleAnimation.m */; };
		66EFC5231F9DDD020067CA32 /* DGActivityIndicatorLineScalePartyAnimation.m in Sources */ = {isa = PBXBuildFile; fileRef = 66EFC4F41F9DDC0C0067CA32 /* DGActivityIndicatorLineScalePartyAnimation.m */; };
		66EFC5241F9DDD020067CA32 /* DGActivityIndicatorLineScalePulseOutAnimation.m in Sources */ = {isa = PBXBuildFile; fileRef = 66EFC4F61F9DDC0C0067CA32 /* DGActivityIndicatorLineScalePulseOutAnimation.m */; };
		66EFC5251F9DDD020067CA32 /* DGActivityIndicatorLineScalePulseOutRapidAnimation.m in Sources */ = {isa = PBXBuildFile; fileRef = 66EFC4F81F9DDC0C0067CA32 /* DGActivityIndicatorLineScalePulseOutRapidAnimation.m */; };
		66EFC5261F9DDD020067CA32 /* DGActivityIndicatorNineDotsAnimation.m in Sources */ = {isa = PBXBuildFile; fileRef = 66EFC4FA1F9DDC0C0067CA32 /* DGActivityIndicatorNineDotsAnimation.m */; };
		66EFC5271F9DDD020067CA32 /* DGActivityIndicatorRotatingSandglassAnimation.m in Sources */ = {isa = PBXBuildFile; fileRef = 66EFC4FC1F9DDC0C0067CA32 /* DGActivityIndicatorRotatingSandglassAnimation.m */; };
		66EFC5281F9DDD020067CA32 /* DGActivityIndicatorRotatingSquaresAnimation.m in Sources */ = {isa = PBXBuildFile; fileRef = 66EFC4FE1F9DDC0C0067CA32 /* DGActivityIndicatorRotatingSquaresAnimation.m */; };
		66EFC5291F9DDD020067CA32 /* DGActivityIndicatorRotatingTrigonAnimation.m in Sources */ = {isa = PBXBuildFile; fileRef = 66EFC5001F9DDC0C0067CA32 /* DGActivityIndicatorRotatingTrigonAnimation.m */; };
		66EFC52A1F9DDD020067CA32 /* DGActivityIndicatorThreeDotsAnimation.m in Sources */ = {isa = PBXBuildFile; fileRef = 66EFC5021F9DDC0C0067CA32 /* DGActivityIndicatorThreeDotsAnimation.m */; };
		66EFC52B1F9DDD020067CA32 /* DGActivityIndicatorTriangleSkewSpinAnimation.m in Sources */ = {isa = PBXBuildFile; fileRef = 66EFC5041F9DDC0C0067CA32 /* DGActivityIndicatorTriangleSkewSpinAnimation.m */; };
		66EFC52C1F9DDD020067CA32 /* DGActivityIndicatorTriplePulseAnimation.m in Sources */ = {isa = PBXBuildFile; fileRef = 66EFC5061F9DDC0C0067CA32 /* DGActivityIndicatorTriplePulseAnimation.m */; };
		66EFC52D1F9DDD020067CA32 /* DGActivityIndicatorTripleRingsAnimation.m in Sources */ = {isa = PBXBuildFile; fileRef = 66EFC5081F9DDC0C0067CA32 /* DGActivityIndicatorTripleRingsAnimation.m */; };
		66EFC52E1F9DDD020067CA32 /* DGActivityIndicatorTwoDotsAnimation.m in Sources */ = {isa = PBXBuildFile; fileRef = 66EFC50A1F9DDC0C0067CA32 /* DGActivityIndicatorTwoDotsAnimation.m */; };
		66EFC52F1F9DDD020067CA32 /* DGActivityIndicatorView.m in Sources */ = {isa = PBXBuildFile; fileRef = 66EFC50D1F9DDC0C0067CA32 /* DGActivityIndicatorView.m */; };
		66EFC5331F9DF1AC0067CA32 /* YHExciseCell.m in Sources */ = {isa = PBXBuildFile; fileRef = 66EFC5311F9DF1AC0067CA32 /* YHExciseCell.m */; };
		66EFC5341F9DF1AC0067CA32 /* YHExciseCell.xib in Resources */ = {isa = PBXBuildFile; fileRef = 66EFC5321F9DF1AC0067CA32 /* YHExciseCell.xib */; };
		66FB73C51FEA6C1300446C8A /* cat.gif in Resources */ = {isa = PBXBuildFile; fileRef = 66FB73C41FEA6C1300446C8A /* cat.gif */; };
		94CA1FE3C9DA84E6CACC4546 /* libPods-YU-IOS.a in Frameworks */ = {isa = PBXBuildFile; fileRef = FBF03F0BF43B3369DB940F90 /* libPods-YU-IOS.a */; };
/* End PBXBuildFile section */

/* Begin PBXContainerItemProxy section */
		66E7125C1F8F4DB200D8130E /* PBXContainerItemProxy */ = {
			isa = PBXContainerItemProxy;
			containerPortal = 66E7123B1F8F4DB100D8130E /* Project object */;
			proxyType = 1;
			remoteGlobalIDString = 66E712421F8F4DB100D8130E;
			remoteInfo = "YU-IOS";
		};
		66E712671F8F4DB200D8130E /* PBXContainerItemProxy */ = {
			isa = PBXContainerItemProxy;
			containerPortal = 66E7123B1F8F4DB100D8130E /* Project object */;
			proxyType = 1;
			remoteGlobalIDString = 66E712421F8F4DB100D8130E;
			remoteInfo = "YU-IOS";
		};
/* End PBXContainerItemProxy section */

/* Begin PBXFileReference section */
		66149D281FE76AD900EBDEE0 /* UICountingLabel.m */ = {isa = PBXFileReference; fileEncoding = 4; lastKnownFileType = sourcecode.c.objc; path = UICountingLabel.m; sourceTree = "<group>"; };
		66149D291FE76ADA00EBDEE0 /* UICountingLabel.h */ = {isa = PBXFileReference; fileEncoding = 4; lastKnownFileType = sourcecode.c.h; path = UICountingLabel.h; sourceTree = "<group>"; };
		66149D2F1FE7B64B00EBDEE0 /* YHSuspendBtn.h */ = {isa = PBXFileReference; lastKnownFileType = sourcecode.c.h; path = YHSuspendBtn.h; sourceTree = "<group>"; };
		66149D301FE7B64B00EBDEE0 /* YHSuspendBtn.m */ = {isa = PBXFileReference; lastKnownFileType = sourcecode.c.objc; path = YHSuspendBtn.m; sourceTree = "<group>"; };
		66149D321FE7B70C00EBDEE0 /* JJYUIScreenHelp.h */ = {isa = PBXFileReference; fileEncoding = 4; lastKnownFileType = sourcecode.c.h; path = JJYUIScreenHelp.h; sourceTree = "<group>"; };
		66149D331FE7B70C00EBDEE0 /* JJYUIScreenHelp.m */ = {isa = PBXFileReference; fileEncoding = 4; lastKnownFileType = sourcecode.c.objc; path = JJYUIScreenHelp.m; sourceTree = "<group>"; };
		66149D341FE7B70C00EBDEE0 /* JJYViewHelp.h */ = {isa = PBXFileReference; fileEncoding = 4; lastKnownFileType = sourcecode.c.h; path = JJYViewHelp.h; sourceTree = "<group>"; };
		66149D351FE7B70C00EBDEE0 /* JJYViewHelp.m */ = {isa = PBXFileReference; fileEncoding = 4; lastKnownFileType = sourcecode.c.objc; path = JJYViewHelp.m; sourceTree = "<group>"; };
		662340B31FDA885C00937B5A /* YHUrl.h */ = {isa = PBXFileReference; lastKnownFileType = sourcecode.c.h; path = YHUrl.h; sourceTree = "<group>"; };
		662340B41FDA94FD00937B5A /* GDataXMLNode.h */ = {isa = PBXFileReference; fileEncoding = 4; lastKnownFileType = sourcecode.c.h; path = GDataXMLNode.h; sourceTree = "<group>"; };
		662340B51FDA94FD00937B5A /* GDataXMLNode.m */ = {isa = PBXFileReference; fileEncoding = 4; lastKnownFileType = sourcecode.c.objc; path = GDataXMLNode.m; sourceTree = "<group>"; };
		662340B71FDA953A00937B5A /* AdData.h */ = {isa = PBXFileReference; lastKnownFileType = sourcecode.c.h; path = AdData.h; sourceTree = "<group>"; };
		662340B81FDA953A00937B5A /* AdData.m */ = {isa = PBXFileReference; lastKnownFileType = sourcecode.c.objc; path = AdData.m; sourceTree = "<group>"; };
		662340BA1FDA9C9900937B5A /* libxml2.2.tbd */ = {isa = PBXFileReference; lastKnownFileType = "sourcecode.text-based-dylib-definition"; name = libxml2.2.tbd; path = usr/lib/libxml2.2.tbd; sourceTree = SDKROOT; };
		662340BC1FDA9CBB00937B5A /* libc++.tbd */ = {isa = PBXFileReference; lastKnownFileType = "sourcecode.text-based-dylib-definition"; name = "libc++.tbd"; path = "usr/lib/libc++.tbd"; sourceTree = SDKROOT; };
		663A90341F95EFB000A698FF /* YHExciseViewController.h */ = {isa = PBXFileReference; lastKnownFileType = sourcecode.c.h; path = YHExciseViewController.h; sourceTree = "<group>"; };
		663A90351F95EFB000A698FF /* YHExciseViewController.m */ = {isa = PBXFileReference; lastKnownFileType = sourcecode.c.objc; path = YHExciseViewController.m; sourceTree = "<group>"; };
		6656D1741FDE7450001E505E /* UIView+YHTransitionAnimation.h */ = {isa = PBXFileReference; fileEncoding = 4; lastKnownFileType = sourcecode.c.h; path = "UIView+YHTransitionAnimation.h"; sourceTree = "<group>"; };
		6656D1751FDE7450001E505E /* UIView+YHTransitionAnimation.m */ = {isa = PBXFileReference; fileEncoding = 4; lastKnownFileType = sourcecode.c.objc; path = "UIView+YHTransitionAnimation.m"; sourceTree = "<group>"; };
		6656D1771FDE767C001E505E /* YHGuideView.xib */ = {isa = PBXFileReference; lastKnownFileType = file.xib; path = YHGuideView.xib; sourceTree = "<group>"; };
		6656D17D1FDE801A001E505E /* YHMainFirstViewController.h */ = {isa = PBXFileReference; lastKnownFileType = sourcecode.c.h; path = YHMainFirstViewController.h; sourceTree = "<group>"; };
		6656D17E1FDE801A001E505E /* YHMainFirstViewController.m */ = {isa = PBXFileReference; lastKnownFileType = sourcecode.c.objc; path = YHMainFirstViewController.m; sourceTree = "<group>"; };
		6656D1831FDE8121001E505E /* WMGiftDetaultAnimationView.m */ = {isa = PBXFileReference; fileEncoding = 4; lastKnownFileType = sourcecode.c.objc; path = WMGiftDetaultAnimationView.m; sourceTree = "<group>"; };
		6656D1841FDE8121001E505E /* WMGiftDetaultAnimationView.h */ = {isa = PBXFileReference; fileEncoding = 4; lastKnownFileType = sourcecode.c.h; path = WMGiftDetaultAnimationView.h; sourceTree = "<group>"; };
		6656D1861FDE83EE001E505E /* YHMainSecondViewController.h */ = {isa = PBXFileReference; lastKnownFileType = sourcecode.c.h; path = YHMainSecondViewController.h; sourceTree = "<group>"; };
		6656D1871FDE83EE001E505E /* YHMainSecondViewController.m */ = {isa = PBXFileReference; lastKnownFileType = sourcecode.c.objc; path = YHMainSecondViewController.m; sourceTree = "<group>"; };
		6656D18C1FDE8841001E505E /* YHNavigationController.h */ = {isa = PBXFileReference; lastKnownFileType = sourcecode.c.h; path = YHNavigationController.h; sourceTree = "<group>"; };
		6656D18D1FDE8841001E505E /* YHNavigationController.m */ = {isa = PBXFileReference; lastKnownFileType = sourcecode.c.objc; path = YHNavigationController.m; sourceTree = "<group>"; };
		6656D18F1FDEA17F001E505E /* YHSigninTopView.h */ = {isa = PBXFileReference; lastKnownFileType = sourcecode.c.h; path = YHSigninTopView.h; sourceTree = "<group>"; };
		6656D1901FDEA17F001E505E /* YHSigninTopView.m */ = {isa = PBXFileReference; lastKnownFileType = sourcecode.c.objc; path = YHSigninTopView.m; sourceTree = "<group>"; };
		667A38AF1FE21AA7002ED9A8 /* YHCalendarTool.h */ = {isa = PBXFileReference; lastKnownFileType = sourcecode.c.h; path = YHCalendarTool.h; sourceTree = "<group>"; };
		667A38B01FE21AA7002ED9A8 /* YHCalendarTool.m */ = {isa = PBXFileReference; lastKnownFileType = sourcecode.c.objc; path = YHCalendarTool.m; sourceTree = "<group>"; };
		668CE1581F9463C40069A542 /* YHGuideView.h */ = {isa = PBXFileReference; lastKnownFileType = sourcecode.c.h; path = YHGuideView.h; sourceTree = "<group>"; };
		668CE1591F9463C40069A542 /* YHGuideView.m */ = {isa = PBXFileReference; lastKnownFileType = sourcecode.c.objc; path = YHGuideView.m; sourceTree = "<group>"; };
		668CE15F1F94BF680069A542 /* UIView+Frame.h */ = {isa = PBXFileReference; lastKnownFileType = sourcecode.c.h; path = "UIView+Frame.h"; sourceTree = "<group>"; };
		668CE1601F94BF680069A542 /* UIView+Frame.m */ = {isa = PBXFileReference; lastKnownFileType = sourcecode.c.objc; path = "UIView+Frame.m"; sourceTree = "<group>"; };
		66A1BA9B1F9056FF0096907F /* classes.h */ = {isa = PBXFileReference; lastKnownFileType = sourcecode.c.h; path = classes.h; sourceTree = "<group>"; };
		66A1BA9C1F9059E10096907F /* AdModel.h */ = {isa = PBXFileReference; lastKnownFileType = sourcecode.c.h; path = AdModel.h; sourceTree = "<group>"; };
		66A1BA9D1F9059E10096907F /* AdModel.m */ = {isa = PBXFileReference; lastKnownFileType = sourcecode.c.objc; path = AdModel.m; sourceTree = "<group>"; };
		66A1BAA01F905ECE0096907F /* YHRootNet.h */ = {isa = PBXFileReference; lastKnownFileType = sourcecode.c.h; path = YHRootNet.h; sourceTree = "<group>"; };
		66A1BAA11F905ECE0096907F /* YHRootNet.m */ = {isa = PBXFileReference; lastKnownFileType = sourcecode.c.objc; path = YHRootNet.m; sourceTree = "<group>"; };
		66A1BAA31F90637A0096907F /* YHDatasourceNetData.h */ = {isa = PBXFileReference; lastKnownFileType = sourcecode.c.h; path = YHDatasourceNetData.h; sourceTree = "<group>"; };
		66A1BAA41F90637A0096907F /* YHDatasourceNetData.m */ = {isa = PBXFileReference; lastKnownFileType = sourcecode.c.objc; path = YHDatasourceNetData.m; sourceTree = "<group>"; };
		66A1BAA61F9090F20096907F /* YHAttribute.h */ = {isa = PBXFileReference; lastKnownFileType = sourcecode.c.h; path = YHAttribute.h; sourceTree = "<group>"; };
		66A3D5401FE109B900263A6F /* YHCalenderView.h */ = {isa = PBXFileReference; lastKnownFileType = sourcecode.c.h; path = YHCalenderView.h; sourceTree = "<group>"; };
		66A3D5411FE109B900263A6F /* YHCalenderView.m */ = {isa = PBXFileReference; lastKnownFileType = sourcecode.c.objc; path = YHCalenderView.m; sourceTree = "<group>"; };
		66A3D5431FE110A600263A6F /* YHCalendarWeekCell.h */ = {isa = PBXFileReference; lastKnownFileType = sourcecode.c.h; path = YHCalendarWeekCell.h; sourceTree = "<group>"; };
		66A3D5441FE110A600263A6F /* YHCalendarWeekCell.m */ = {isa = PBXFileReference; lastKnownFileType = sourcecode.c.objc; path = YHCalendarWeekCell.m; sourceTree = "<group>"; };
		66A3D5461FE110FD00263A6F /* YHCalendarDayCell.h */ = {isa = PBXFileReference; lastKnownFileType = sourcecode.c.h; path = YHCalendarDayCell.h; sourceTree = "<group>"; };
		66A3D5471FE110FD00263A6F /* YHCalendarDayCell.m */ = {isa = PBXFileReference; lastKnownFileType = sourcecode.c.objc; path = YHCalendarDayCell.m; sourceTree = "<group>"; };
		66A3D5491FE12CC400263A6F /* YHCalendarModel.h */ = {isa = PBXFileReference; lastKnownFileType = sourcecode.c.h; path = YHCalendarModel.h; sourceTree = "<group>"; };
		66A3D54A1FE12CC400263A6F /* YHCalendarModel.m */ = {isa = PBXFileReference; lastKnownFileType = sourcecode.c.objc; path = YHCalendarModel.m; sourceTree = "<group>"; };
		66A3D54C1FE1301300263A6F /* YHCalendarData.h */ = {isa = PBXFileReference; lastKnownFileType = sourcecode.c.h; path = YHCalendarData.h; sourceTree = "<group>"; };
		66A3D54D1FE1301300263A6F /* YHCalendarData.m */ = {isa = PBXFileReference; lastKnownFileType = sourcecode.c.objc; path = YHCalendarData.m; sourceTree = "<group>"; };
		66DCE90D1F99E2C400AE5655 /* YHMainTabBarViewController.h */ = {isa = PBXFileReference; lastKnownFileType = sourcecode.c.h; path = YHMainTabBarViewController.h; sourceTree = "<group>"; };
		66DCE90E1F99E2C400AE5655 /* YHMainTabBarViewController.m */ = {isa = PBXFileReference; lastKnownFileType = sourcecode.c.objc; path = YHMainTabBarViewController.m; sourceTree = "<group>"; };
		66DCE9101F99E46B00AE5655 /* YHNavigationViewController.h */ = {isa = PBXFileReference; lastKnownFileType = sourcecode.c.h; path = YHNavigationViewController.h; sourceTree = "<group>"; };
		66DCE9111F99E46B00AE5655 /* YHNavigationViewController.m */ = {isa = PBXFileReference; lastKnownFileType = sourcecode.c.objc; path = YHNavigationViewController.m; sourceTree = "<group>"; };
		66DCE9131F99F50500AE5655 /* YHExciseView.h */ = {isa = PBXFileReference; lastKnownFileType = sourcecode.c.h; path = YHExciseView.h; sourceTree = "<group>"; };
		66DCE9141F99F50500AE5655 /* YHExciseView.m */ = {isa = PBXFileReference; lastKnownFileType = sourcecode.c.objc; path = YHExciseView.m; sourceTree = "<group>"; };
		66E712431F8F4DB100D8130E /* YU-IOS.app */ = {isa = PBXFileReference; explicitFileType = wrapper.application; includeInIndex = 0; path = "YU-IOS.app"; sourceTree = BUILT_PRODUCTS_DIR; };
		66E7125B1F8F4DB200D8130E /* YU-IOSTests.xctest */ = {isa = PBXFileReference; explicitFileType = wrapper.cfbundle; includeInIndex = 0; path = "YU-IOSTests.xctest"; sourceTree = BUILT_PRODUCTS_DIR; };
		66E7125F1F8F4DB200D8130E /* YU_IOSTests.m */ = {isa = PBXFileReference; lastKnownFileType = sourcecode.c.objc; path = YU_IOSTests.m; sourceTree = "<group>"; };
		66E712611F8F4DB200D8130E /* Info.plist */ = {isa = PBXFileReference; lastKnownFileType = text.plist.xml; path = Info.plist; sourceTree = "<group>"; };
		66E712661F8F4DB200D8130E /* YU-IOSUITests.xctest */ = {isa = PBXFileReference; explicitFileType = wrapper.cfbundle; includeInIndex = 0; path = "YU-IOSUITests.xctest"; sourceTree = BUILT_PRODUCTS_DIR; };
		66E7126A1F8F4DB200D8130E /* YU_IOSUITests.m */ = {isa = PBXFileReference; lastKnownFileType = sourcecode.c.objc; path = YU_IOSUITests.m; sourceTree = "<group>"; };
		66E7126C1F8F4DB200D8130E /* Info.plist */ = {isa = PBXFileReference; lastKnownFileType = text.plist.xml; path = Info.plist; sourceTree = "<group>"; };
		66E7127C1F8F4E1F00D8130E /* YHMainViewController.h */ = {isa = PBXFileReference; lastKnownFileType = sourcecode.c.h; path = YHMainViewController.h; sourceTree = "<group>"; };
		66E7127D1F8F4E1F00D8130E /* YHMainViewController.m */ = {isa = PBXFileReference; lastKnownFileType = sourcecode.c.objc; path = YHMainViewController.m; sourceTree = "<group>"; };
		66E712801F8F4EC400D8130E /* AppDelegate.h */ = {isa = PBXFileReference; lastKnownFileType = sourcecode.c.h; path = AppDelegate.h; sourceTree = "<group>"; };
		66E712811F8F4EC400D8130E /* AppDelegate.m */ = {isa = PBXFileReference; lastKnownFileType = sourcecode.c.objc; path = AppDelegate.m; sourceTree = "<group>"; };
		66E712821F8F4EC400D8130E /* Assets.xcassets */ = {isa = PBXFileReference; lastKnownFileType = folder.assetcatalog; path = Assets.xcassets; sourceTree = "<group>"; };
		66E712871F8F4EC400D8130E /* Info.plist */ = {isa = PBXFileReference; lastKnownFileType = text.plist.xml; path = Info.plist; sourceTree = "<group>"; };
		66E712881F8F4EC400D8130E /* main.m */ = {isa = PBXFileReference; lastKnownFileType = sourcecode.c.objc; path = main.m; sourceTree = "<group>"; };
		66E7128E1F8F540000D8130E /* PrefixHeader.pch */ = {isa = PBXFileReference; lastKnownFileType = sourcecode.c.h; path = PrefixHeader.pch; sourceTree = "<group>"; };
		66E712931F8F7C3C00D8130E /* YHAdViewController.h */ = {isa = PBXFileReference; lastKnownFileType = sourcecode.c.h; path = YHAdViewController.h; sourceTree = "<group>"; };
		66E712941F8F7C3C00D8130E /* YHAdViewController.m */ = {isa = PBXFileReference; lastKnownFileType = sourcecode.c.objc; path = YHAdViewController.m; sourceTree = "<group>"; };
		66E712951F8F7C3C00D8130E /* YHAdViewController.xib */ = {isa = PBXFileReference; lastKnownFileType = file.xib; path = YHAdViewController.xib; sourceTree = "<group>"; };
		66EFC4BE1F9DCA580067CA32 /* YHPlayerAnimation.h */ = {isa = PBXFileReference; lastKnownFileType = sourcecode.c.h; path = YHPlayerAnimation.h; sourceTree = "<group>"; };
		66EFC4BF1F9DCA580067CA32 /* YHPlayerAnimation.m */ = {isa = PBXFileReference; lastKnownFileType = sourcecode.c.objc; path = YHPlayerAnimation.m; sourceTree = "<group>"; };
		66EFC4C11F9DD6980067CA32 /* YHOrderRecorderView.h */ = {isa = PBXFileReference; lastKnownFileType = sourcecode.c.h; path = YHOrderRecorderView.h; sourceTree = "<group>"; };
		66EFC4C21F9DD6980067CA32 /* YHOrderRecorderView.m */ = {isa = PBXFileReference; lastKnownFileType = sourcecode.c.objc; path = YHOrderRecorderView.m; sourceTree = "<group>"; };
		66EFC4C41F9DD8180067CA32 /* YHUserInfo.h */ = {isa = PBXFileReference; lastKnownFileType = sourcecode.c.h; path = YHUserInfo.h; sourceTree = "<group>"; };
		66EFC4C51F9DD8180067CA32 /* YHUserInfo.m */ = {isa = PBXFileReference; lastKnownFileType = sourcecode.c.objc; path = YHUserInfo.m; sourceTree = "<group>"; };
		66EFC4C91F9DDC0C0067CA32 /* DGActivityIndicatorBallBeatAnimation.h */ = {isa = PBXFileReference; lastKnownFileType = sourcecode.c.h; path = DGActivityIndicatorBallBeatAnimation.h; sourceTree = "<group>"; };
		66EFC4CA1F9DDC0C0067CA32 /* DGActivityIndicatorBallBeatAnimation.m */ = {isa = PBXFileReference; lastKnownFileType = sourcecode.c.objc; path = DGActivityIndicatorBallBeatAnimation.m; sourceTree = "<group>"; };
		66EFC4CB1F9DDC0C0067CA32 /* DGActivityIndicatorBallClipRotateAnimation.h */ = {isa = PBXFileReference; lastKnownFileType = sourcecode.c.h; path = DGActivityIndicatorBallClipRotateAnimation.h; sourceTree = "<group>"; };
		66EFC4CC1F9DDC0C0067CA32 /* DGActivityIndicatorBallClipRotateAnimation.m */ = {isa = PBXFileReference; lastKnownFileType = sourcecode.c.objc; path = DGActivityIndicatorBallClipRotateAnimation.m; sourceTree = "<group>"; };
		66EFC4CD1F9DDC0C0067CA32 /* DGActivityIndicatorBallClipRotateMultipleAnimation.h */ = {isa = PBXFileReference; lastKnownFileType = sourcecode.c.h; path = DGActivityIndicatorBallClipRotateMultipleAnimation.h; sourceTree = "<group>"; };
		66EFC4CE1F9DDC0C0067CA32 /* DGActivityIndicatorBallClipRotateMultipleAnimation.m */ = {isa = PBXFileReference; lastKnownFileType = sourcecode.c.objc; path = DGActivityIndicatorBallClipRotateMultipleAnimation.m; sourceTree = "<group>"; };
		66EFC4CF1F9DDC0C0067CA32 /* DGActivityIndicatorBallClipRotatePulseAnimation.h */ = {isa = PBXFileReference; lastKnownFileType = sourcecode.c.h; path = DGActivityIndicatorBallClipRotatePulseAnimation.h; sourceTree = "<group>"; };
		66EFC4D01F9DDC0C0067CA32 /* DGActivityIndicatorBallClipRotatePulseAnimation.m */ = {isa = PBXFileReference; lastKnownFileType = sourcecode.c.objc; path = DGActivityIndicatorBallClipRotatePulseAnimation.m; sourceTree = "<group>"; };
		66EFC4D11F9DDC0C0067CA32 /* DGActivityIndicatorBallGridBeatAnimation.h */ = {isa = PBXFileReference; lastKnownFileType = sourcecode.c.h; path = DGActivityIndicatorBallGridBeatAnimation.h; sourceTree = "<group>"; };
		66EFC4D21F9DDC0C0067CA32 /* DGActivityIndicatorBallGridBeatAnimation.m */ = {isa = PBXFileReference; lastKnownFileType = sourcecode.c.objc; path = DGActivityIndicatorBallGridBeatAnimation.m; sourceTree = "<group>"; };
		66EFC4D31F9DDC0C0067CA32 /* DGActivityIndicatorBallGridPulseAnimation.h */ = {isa = PBXFileReference; lastKnownFileType = sourcecode.c.h; path = DGActivityIndicatorBallGridPulseAnimation.h; sourceTree = "<group>"; };
		66EFC4D41F9DDC0C0067CA32 /* DGActivityIndicatorBallGridPulseAnimation.m */ = {isa = PBXFileReference; lastKnownFileType = sourcecode.c.objc; path = DGActivityIndicatorBallGridPulseAnimation.m; sourceTree = "<group>"; };
		66EFC4D51F9DDC0C0067CA32 /* DGActivityIndicatorBallPulseAnimation.h */ = {isa = PBXFileReference; lastKnownFileType = sourcecode.c.h; path = DGActivityIndicatorBallPulseAnimation.h; sourceTree = "<group>"; };
		66EFC4D61F9DDC0C0067CA32 /* DGActivityIndicatorBallPulseAnimation.m */ = {isa = PBXFileReference; lastKnownFileType = sourcecode.c.objc; path = DGActivityIndicatorBallPulseAnimation.m; sourceTree = "<group>"; };
		66EFC4D71F9DDC0C0067CA32 /* DGActivityIndicatorBallPulseSyncAnimation.h */ = {isa = PBXFileReference; lastKnownFileType = sourcecode.c.h; path = DGActivityIndicatorBallPulseSyncAnimation.h; sourceTree = "<group>"; };
		66EFC4D81F9DDC0C0067CA32 /* DGActivityIndicatorBallPulseSyncAnimation.m */ = {isa = PBXFileReference; lastKnownFileType = sourcecode.c.objc; path = DGActivityIndicatorBallPulseSyncAnimation.m; sourceTree = "<group>"; };
		66EFC4D91F9DDC0C0067CA32 /* DGActivityIndicatorBallRotateAnimation.h */ = {isa = PBXFileReference; lastKnownFileType = sourcecode.c.h; path = DGActivityIndicatorBallRotateAnimation.h; sourceTree = "<group>"; };
		66EFC4DA1F9DDC0C0067CA32 /* DGActivityIndicatorBallRotateAnimation.m */ = {isa = PBXFileReference; lastKnownFileType = sourcecode.c.objc; path = DGActivityIndicatorBallRotateAnimation.m; sourceTree = "<group>"; };
		66EFC4DB1F9DDC0C0067CA32 /* DGActivityIndicatorBallScaleAnimation.h */ = {isa = PBXFileReference; lastKnownFileType = sourcecode.c.h; path = DGActivityIndicatorBallScaleAnimation.h; sourceTree = "<group>"; };
		66EFC4DC1F9DDC0C0067CA32 /* DGActivityIndicatorBallScaleAnimation.m */ = {isa = PBXFileReference; lastKnownFileType = sourcecode.c.objc; path = DGActivityIndicatorBallScaleAnimation.m; sourceTree = "<group>"; };
		66EFC4DD1F9DDC0C0067CA32 /* DGActivityIndicatorBallScaleMultipleAnimation.h */ = {isa = PBXFileReference; lastKnownFileType = sourcecode.c.h; path = DGActivityIndicatorBallScaleMultipleAnimation.h; sourceTree = "<group>"; };
		66EFC4DE1F9DDC0C0067CA32 /* DGActivityIndicatorBallScaleMultipleAnimation.m */ = {isa = PBXFileReference; lastKnownFileType = sourcecode.c.objc; path = DGActivityIndicatorBallScaleMultipleAnimation.m; sourceTree = "<group>"; };
		66EFC4DF1F9DDC0C0067CA32 /* DGActivityIndicatorBallScaleRippleAnimation.h */ = {isa = PBXFileReference; lastKnownFileType = sourcecode.c.h; path = DGActivityIndicatorBallScaleRippleAnimation.h; sourceTree = "<group>"; };
		66EFC4E01F9DDC0C0067CA32 /* DGActivityIndicatorBallScaleRippleAnimation.m */ = {isa = PBXFileReference; lastKnownFileType = sourcecode.c.objc; path = DGActivityIndicatorBallScaleRippleAnimation.m; sourceTree = "<group>"; };
		66EFC4E11F9DDC0C0067CA32 /* DGActivityIndicatorBallScaleRippleMultipleAnimation.h */ = {isa = PBXFileReference; lastKnownFileType = sourcecode.c.h; path = DGActivityIndicatorBallScaleRippleMultipleAnimation.h; sourceTree = "<group>"; };
		66EFC4E21F9DDC0C0067CA32 /* DGActivityIndicatorBallScaleRippleMultipleAnimation.m */ = {isa = PBXFileReference; lastKnownFileType = sourcecode.c.objc; path = DGActivityIndicatorBallScaleRippleMultipleAnimation.m; sourceTree = "<group>"; };
		66EFC4E31F9DDC0C0067CA32 /* DGActivityIndicatorBallSpinFadeLoader.h */ = {isa = PBXFileReference; lastKnownFileType = sourcecode.c.h; path = DGActivityIndicatorBallSpinFadeLoader.h; sourceTree = "<group>"; };
		66EFC4E41F9DDC0C0067CA32 /* DGActivityIndicatorBallSpinFadeLoader.m */ = {isa = PBXFileReference; lastKnownFileType = sourcecode.c.objc; path = DGActivityIndicatorBallSpinFadeLoader.m; sourceTree = "<group>"; };
		66EFC4E51F9DDC0C0067CA32 /* DGActivityIndicatorBallTrianglePathAnimation.h */ = {isa = PBXFileReference; lastKnownFileType = sourcecode.c.h; path = DGActivityIndicatorBallTrianglePathAnimation.h; sourceTree = "<group>"; };
		66EFC4E61F9DDC0C0067CA32 /* DGActivityIndicatorBallTrianglePathAnimation.m */ = {isa = PBXFileReference; lastKnownFileType = sourcecode.c.objc; path = DGActivityIndicatorBallTrianglePathAnimation.m; sourceTree = "<group>"; };
		66EFC4E71F9DDC0C0067CA32 /* DGActivityIndicatorBallZigZagAnimation.h */ = {isa = PBXFileReference; lastKnownFileType = sourcecode.c.h; path = DGActivityIndicatorBallZigZagAnimation.h; sourceTree = "<group>"; };
		66EFC4E81F9DDC0C0067CA32 /* DGActivityIndicatorBallZigZagAnimation.m */ = {isa = PBXFileReference; lastKnownFileType = sourcecode.c.objc; path = DGActivityIndicatorBallZigZagAnimation.m; sourceTree = "<group>"; };
		66EFC4E91F9DDC0C0067CA32 /* DGActivityIndicatorBallZigZagDeflectAnimation.h */ = {isa = PBXFileReference; lastKnownFileType = sourcecode.c.h; path = DGActivityIndicatorBallZigZagDeflectAnimation.h; sourceTree = "<group>"; };
		66EFC4EA1F9DDC0C0067CA32 /* DGActivityIndicatorBallZigZagDeflectAnimation.m */ = {isa = PBXFileReference; lastKnownFileType = sourcecode.c.objc; path = DGActivityIndicatorBallZigZagDeflectAnimation.m; sourceTree = "<group>"; };
		66EFC4EB1F9DDC0C0067CA32 /* DGActivityIndicatorCookieTerminatorAnimation.h */ = {isa = PBXFileReference; lastKnownFileType = sourcecode.c.h; path = DGActivityIndicatorCookieTerminatorAnimation.h; sourceTree = "<group>"; };
		66EFC4EC1F9DDC0C0067CA32 /* DGActivityIndicatorCookieTerminatorAnimation.m */ = {isa = PBXFileReference; lastKnownFileType = sourcecode.c.objc; path = DGActivityIndicatorCookieTerminatorAnimation.m; sourceTree = "<group>"; };
		66EFC4ED1F9DDC0C0067CA32 /* DGActivityIndicatorDoubleBounceAnimation.h */ = {isa = PBXFileReference; lastKnownFileType = sourcecode.c.h; path = DGActivityIndicatorDoubleBounceAnimation.h; sourceTree = "<group>"; };
		66EFC4EE1F9DDC0C0067CA32 /* DGActivityIndicatorDoubleBounceAnimation.m */ = {isa = PBXFileReference; lastKnownFileType = sourcecode.c.objc; path = DGActivityIndicatorDoubleBounceAnimation.m; sourceTree = "<group>"; };
		66EFC4EF1F9DDC0C0067CA32 /* DGActivityIndicatorFiveDotsAnimation.h */ = {isa = PBXFileReference; lastKnownFileType = sourcecode.c.h; path = DGActivityIndicatorFiveDotsAnimation.h; sourceTree = "<group>"; };
		66EFC4F01F9DDC0C0067CA32 /* DGActivityIndicatorFiveDotsAnimation.m */ = {isa = PBXFileReference; lastKnownFileType = sourcecode.c.objc; path = DGActivityIndicatorFiveDotsAnimation.m; sourceTree = "<group>"; };
		66EFC4F11F9DDC0C0067CA32 /* DGActivityIndicatorLineScaleAnimation.h */ = {isa = PBXFileReference; lastKnownFileType = sourcecode.c.h; path = DGActivityIndicatorLineScaleAnimation.h; sourceTree = "<group>"; };
		66EFC4F21F9DDC0C0067CA32 /* DGActivityIndicatorLineScaleAnimation.m */ = {isa = PBXFileReference; lastKnownFileType = sourcecode.c.objc; path = DGActivityIndicatorLineScaleAnimation.m; sourceTree = "<group>"; };
		66EFC4F31F9DDC0C0067CA32 /* DGActivityIndicatorLineScalePartyAnimation.h */ = {isa = PBXFileReference; lastKnownFileType = sourcecode.c.h; path = DGActivityIndicatorLineScalePartyAnimation.h; sourceTree = "<group>"; };
		66EFC4F41F9DDC0C0067CA32 /* DGActivityIndicatorLineScalePartyAnimation.m */ = {isa = PBXFileReference; lastKnownFileType = sourcecode.c.objc; path = DGActivityIndicatorLineScalePartyAnimation.m; sourceTree = "<group>"; };
		66EFC4F51F9DDC0C0067CA32 /* DGActivityIndicatorLineScalePulseOutAnimation.h */ = {isa = PBXFileReference; lastKnownFileType = sourcecode.c.h; path = DGActivityIndicatorLineScalePulseOutAnimation.h; sourceTree = "<group>"; };
		66EFC4F61F9DDC0C0067CA32 /* DGActivityIndicatorLineScalePulseOutAnimation.m */ = {isa = PBXFileReference; lastKnownFileType = sourcecode.c.objc; path = DGActivityIndicatorLineScalePulseOutAnimation.m; sourceTree = "<group>"; };
		66EFC4F71F9DDC0C0067CA32 /* DGActivityIndicatorLineScalePulseOutRapidAnimation.h */ = {isa = PBXFileReference; lastKnownFileType = sourcecode.c.h; path = DGActivityIndicatorLineScalePulseOutRapidAnimation.h; sourceTree = "<group>"; };
		66EFC4F81F9DDC0C0067CA32 /* DGActivityIndicatorLineScalePulseOutRapidAnimation.m */ = {isa = PBXFileReference; lastKnownFileType = sourcecode.c.objc; path = DGActivityIndicatorLineScalePulseOutRapidAnimation.m; sourceTree = "<group>"; };
		66EFC4F91F9DDC0C0067CA32 /* DGActivityIndicatorNineDotsAnimation.h */ = {isa = PBXFileReference; lastKnownFileType = sourcecode.c.h; path = DGActivityIndicatorNineDotsAnimation.h; sourceTree = "<group>"; };
		66EFC4FA1F9DDC0C0067CA32 /* DGActivityIndicatorNineDotsAnimation.m */ = {isa = PBXFileReference; lastKnownFileType = sourcecode.c.objc; path = DGActivityIndicatorNineDotsAnimation.m; sourceTree = "<group>"; };
		66EFC4FB1F9DDC0C0067CA32 /* DGActivityIndicatorRotatingSandglassAnimation.h */ = {isa = PBXFileReference; lastKnownFileType = sourcecode.c.h; path = DGActivityIndicatorRotatingSandglassAnimation.h; sourceTree = "<group>"; };
		66EFC4FC1F9DDC0C0067CA32 /* DGActivityIndicatorRotatingSandglassAnimation.m */ = {isa = PBXFileReference; lastKnownFileType = sourcecode.c.objc; path = DGActivityIndicatorRotatingSandglassAnimation.m; sourceTree = "<group>"; };
		66EFC4FD1F9DDC0C0067CA32 /* DGActivityIndicatorRotatingSquaresAnimation.h */ = {isa = PBXFileReference; lastKnownFileType = sourcecode.c.h; path = DGActivityIndicatorRotatingSquaresAnimation.h; sourceTree = "<group>"; };
		66EFC4FE1F9DDC0C0067CA32 /* DGActivityIndicatorRotatingSquaresAnimation.m */ = {isa = PBXFileReference; lastKnownFileType = sourcecode.c.objc; path = DGActivityIndicatorRotatingSquaresAnimation.m; sourceTree = "<group>"; };
		66EFC4FF1F9DDC0C0067CA32 /* DGActivityIndicatorRotatingTrigonAnimation.h */ = {isa = PBXFileReference; lastKnownFileType = sourcecode.c.h; path = DGActivityIndicatorRotatingTrigonAnimation.h; sourceTree = "<group>"; };
		66EFC5001F9DDC0C0067CA32 /* DGActivityIndicatorRotatingTrigonAnimation.m */ = {isa = PBXFileReference; lastKnownFileType = sourcecode.c.objc; path = DGActivityIndicatorRotatingTrigonAnimation.m; sourceTree = "<group>"; };
		66EFC5011F9DDC0C0067CA32 /* DGActivityIndicatorThreeDotsAnimation.h */ = {isa = PBXFileReference; lastKnownFileType = sourcecode.c.h; path = DGActivityIndicatorThreeDotsAnimation.h; sourceTree = "<group>"; };
		66EFC5021F9DDC0C0067CA32 /* DGActivityIndicatorThreeDotsAnimation.m */ = {isa = PBXFileReference; lastKnownFileType = sourcecode.c.objc; path = DGActivityIndicatorThreeDotsAnimation.m; sourceTree = "<group>"; };
		66EFC5031F9DDC0C0067CA32 /* DGActivityIndicatorTriangleSkewSpinAnimation.h */ = {isa = PBXFileReference; lastKnownFileType = sourcecode.c.h; path = DGActivityIndicatorTriangleSkewSpinAnimation.h; sourceTree = "<group>"; };
		66EFC5041F9DDC0C0067CA32 /* DGActivityIndicatorTriangleSkewSpinAnimation.m */ = {isa = PBXFileReference; lastKnownFileType = sourcecode.c.objc; path = DGActivityIndicatorTriangleSkewSpinAnimation.m; sourceTree = "<group>"; };
		66EFC5051F9DDC0C0067CA32 /* DGActivityIndicatorTriplePulseAnimation.h */ = {isa = PBXFileReference; lastKnownFileType = sourcecode.c.h; path = DGActivityIndicatorTriplePulseAnimation.h; sourceTree = "<group>"; };
		66EFC5061F9DDC0C0067CA32 /* DGActivityIndicatorTriplePulseAnimation.m */ = {isa = PBXFileReference; lastKnownFileType = sourcecode.c.objc; path = DGActivityIndicatorTriplePulseAnimation.m; sourceTree = "<group>"; };
		66EFC5071F9DDC0C0067CA32 /* DGActivityIndicatorTripleRingsAnimation.h */ = {isa = PBXFileReference; lastKnownFileType = sourcecode.c.h; path = DGActivityIndicatorTripleRingsAnimation.h; sourceTree = "<group>"; };
		66EFC5081F9DDC0C0067CA32 /* DGActivityIndicatorTripleRingsAnimation.m */ = {isa = PBXFileReference; lastKnownFileType = sourcecode.c.objc; path = DGActivityIndicatorTripleRingsAnimation.m; sourceTree = "<group>"; };
		66EFC5091F9DDC0C0067CA32 /* DGActivityIndicatorTwoDotsAnimation.h */ = {isa = PBXFileReference; lastKnownFileType = sourcecode.c.h; path = DGActivityIndicatorTwoDotsAnimation.h; sourceTree = "<group>"; };
		66EFC50A1F9DDC0C0067CA32 /* DGActivityIndicatorTwoDotsAnimation.m */ = {isa = PBXFileReference; lastKnownFileType = sourcecode.c.objc; path = DGActivityIndicatorTwoDotsAnimation.m; sourceTree = "<group>"; };
		66EFC50B1F9DDC0C0067CA32 /* DGActivityIndicatorAnimationProtocol.h */ = {isa = PBXFileReference; lastKnownFileType = sourcecode.c.h; path = DGActivityIndicatorAnimationProtocol.h; sourceTree = "<group>"; };
		66EFC50C1F9DDC0C0067CA32 /* DGActivityIndicatorView.h */ = {isa = PBXFileReference; lastKnownFileType = sourcecode.c.h; path = DGActivityIndicatorView.h; sourceTree = "<group>"; };
		66EFC50D1F9DDC0C0067CA32 /* DGActivityIndicatorView.m */ = {isa = PBXFileReference; lastKnownFileType = sourcecode.c.objc; path = DGActivityIndicatorView.m; sourceTree = "<group>"; };
		66EFC5301F9DF1AC0067CA32 /* YHExciseCell.h */ = {isa = PBXFileReference; lastKnownFileType = sourcecode.c.h; path = YHExciseCell.h; sourceTree = "<group>"; };
		66EFC5311F9DF1AC0067CA32 /* YHExciseCell.m */ = {isa = PBXFileReference; lastKnownFileType = sourcecode.c.objc; path = YHExciseCell.m; sourceTree = "<group>"; };
		66EFC5321F9DF1AC0067CA32 /* YHExciseCell.xib */ = {isa = PBXFileReference; lastKnownFileType = file.xib; path = YHExciseCell.xib; sourceTree = "<group>"; };
		66FB73C41FEA6C1300446C8A /* cat.gif */ = {isa = PBXFileReference; lastKnownFileType = image.gif; path = cat.gif; sourceTree = "<group>"; };
		85698007F931D5D392B3F4B8 /* Pods-YU-IOS.debug.xcconfig */ = {isa = PBXFileReference; includeInIndex = 1; lastKnownFileType = text.xcconfig; name = "Pods-YU-IOS.debug.xcconfig"; path = "Pods/Target Support Files/Pods-YU-IOS/Pods-YU-IOS.debug.xcconfig"; sourceTree = "<group>"; };
		AE02E3DA5D5C16F415053C32 /* Pods-YU-IOS.release.xcconfig */ = {isa = PBXFileReference; includeInIndex = 1; lastKnownFileType = text.xcconfig; name = "Pods-YU-IOS.release.xcconfig"; path = "Pods/Target Support Files/Pods-YU-IOS/Pods-YU-IOS.release.xcconfig"; sourceTree = "<group>"; };
		FBF03F0BF43B3369DB940F90 /* libPods-YU-IOS.a */ = {isa = PBXFileReference; explicitFileType = archive.ar; includeInIndex = 0; path = "libPods-YU-IOS.a"; sourceTree = BUILT_PRODUCTS_DIR; };
/* End PBXFileReference section */

/* Begin PBXFrameworksBuildPhase section */
		66E712401F8F4DB100D8130E /* Frameworks */ = {
			isa = PBXFrameworksBuildPhase;
			buildActionMask = 2147483647;
			files = (
				662340BD1FDA9CBB00937B5A /* libc++.tbd in Frameworks */,
				94CA1FE3C9DA84E6CACC4546 /* libPods-YU-IOS.a in Frameworks */,
				662340BB1FDA9C9900937B5A /* libxml2.2.tbd in Frameworks */,
			);
			runOnlyForDeploymentPostprocessing = 0;
		};
		66E712581F8F4DB200D8130E /* Frameworks */ = {
			isa = PBXFrameworksBuildPhase;
			buildActionMask = 2147483647;
			files = (
			);
			runOnlyForDeploymentPostprocessing = 0;
		};
		66E712631F8F4DB200D8130E /* Frameworks */ = {
			isa = PBXFrameworksBuildPhase;
			buildActionMask = 2147483647;
			files = (
			);
			runOnlyForDeploymentPostprocessing = 0;
		};
/* End PBXFrameworksBuildPhase section */

/* Begin PBXGroup section */
		66149D2B1FE7B62900EBDEE0 /* suspendButton */ = {
			isa = PBXGroup;
			children = (
				66149D2C1FE7B62900EBDEE0 /* controller */,
				66149D2D1FE7B62900EBDEE0 /* model */,
				66149D2E1FE7B62900EBDEE0 /* view */,
			);
			path = suspendButton;
			sourceTree = "<group>";
		};
		66149D2C1FE7B62900EBDEE0 /* controller */ = {
			isa = PBXGroup;
			children = (
			);
			path = controller;
			sourceTree = "<group>";
		};
		66149D2D1FE7B62900EBDEE0 /* model */ = {
			isa = PBXGroup;
			children = (
				66149D2F1FE7B64B00EBDEE0 /* YHSuspendBtn.h */,
				66149D301FE7B64B00EBDEE0 /* YHSuspendBtn.m */,
				66149D321FE7B70C00EBDEE0 /* JJYUIScreenHelp.h */,
				66149D331FE7B70C00EBDEE0 /* JJYUIScreenHelp.m */,
				66149D341FE7B70C00EBDEE0 /* JJYViewHelp.h */,
				66149D351FE7B70C00EBDEE0 /* JJYViewHelp.m */,
			);
			path = model;
			sourceTree = "<group>";
		};
		66149D2E1FE7B62900EBDEE0 /* view */ = {
			isa = PBXGroup;
			children = (
			);
			path = view;
			sourceTree = "<group>";
		};
		663A90301F95DAE300A698FF /* excise */ = {
			isa = PBXGroup;
			children = (
				663A90311F95DAE300A698FF /* controller */,
				663A90321F95DAE300A698FF /* model */,
				663A90331F95DAE300A698FF /* view */,
			);
			path = excise;
			sourceTree = "<group>";
		};
		663A90311F95DAE300A698FF /* controller */ = {
			isa = PBXGroup;
			children = (
				663A90341F95EFB000A698FF /* YHExciseViewController.h */,
				663A90351F95EFB000A698FF /* YHExciseViewController.m */,
			);
			path = controller;
			sourceTree = "<group>";
		};
		663A90321F95DAE300A698FF /* model */ = {
			isa = PBXGroup;
			children = (
				66EFC4BE1F9DCA580067CA32 /* YHPlayerAnimation.h */,
				66EFC4BF1F9DCA580067CA32 /* YHPlayerAnimation.m */,
				66EFC4C11F9DD6980067CA32 /* YHOrderRecorderView.h */,
				66EFC4C21F9DD6980067CA32 /* YHOrderRecorderView.m */,
			);
			path = model;
			sourceTree = "<group>";
		};
		663A90331F95DAE300A698FF /* view */ = {
			isa = PBXGroup;
			children = (
				66DCE9131F99F50500AE5655 /* YHExciseView.h */,
				66DCE9141F99F50500AE5655 /* YHExciseView.m */,
				66EFC5301F9DF1AC0067CA32 /* YHExciseCell.h */,
				66EFC5311F9DF1AC0067CA32 /* YHExciseCell.m */,
				66EFC5321F9DF1AC0067CA32 /* YHExciseCell.xib */,
			);
			path = view;
			sourceTree = "<group>";
		};
		6656D1791FDE7FE5001E505E /* subviews */ = {
			isa = PBXGroup;
			children = (
				6656D17A1FDE7FE5001E505E /* controller */,
				6656D17B1FDE7FE5001E505E /* model */,
				6656D17C1FDE7FE5001E505E /* view */,
			);
			path = subviews;
			sourceTree = "<group>";
		};
		6656D17A1FDE7FE5001E505E /* controller */ = {
			isa = PBXGroup;
			children = (
				6656D17D1FDE801A001E505E /* YHMainFirstViewController.h */,
				6656D17E1FDE801A001E505E /* YHMainFirstViewController.m */,
				6656D1861FDE83EE001E505E /* YHMainSecondViewController.h */,
				6656D1871FDE83EE001E505E /* YHMainSecondViewController.m */,
			);
			path = controller;
			sourceTree = "<group>";
		};
		6656D17B1FDE7FE5001E505E /* model */ = {
			isa = PBXGroup;
			children = (
				6656D1841FDE8121001E505E /* WMGiftDetaultAnimationView.h */,
				6656D1831FDE8121001E505E /* WMGiftDetaultAnimationView.m */,
				66A3D5491FE12CC400263A6F /* YHCalendarModel.h */,
				66A3D54A1FE12CC400263A6F /* YHCalendarModel.m */,
				66A3D54C1FE1301300263A6F /* YHCalendarData.h */,
				66A3D54D1FE1301300263A6F /* YHCalendarData.m */,
				667A38AF1FE21AA7002ED9A8 /* YHCalendarTool.h */,
				667A38B01FE21AA7002ED9A8 /* YHCalendarTool.m */,
			);
			path = model;
			sourceTree = "<group>";
		};
		6656D17C1FDE7FE5001E505E /* view */ = {
			isa = PBXGroup;
			children = (
				6656D18F1FDEA17F001E505E /* YHSigninTopView.h */,
				6656D1901FDEA17F001E505E /* YHSigninTopView.m */,
				66A3D5401FE109B900263A6F /* YHCalenderView.h */,
				66A3D5411FE109B900263A6F /* YHCalenderView.m */,
				66A3D5431FE110A600263A6F /* YHCalendarWeekCell.h */,
				66A3D5441FE110A600263A6F /* YHCalendarWeekCell.m */,
				66A3D5461FE110FD00263A6F /* YHCalendarDayCell.h */,
				66A3D5471FE110FD00263A6F /* YHCalendarDayCell.m */,
			);
			path = view;
			sourceTree = "<group>";
		};
		668CE1571F94639D0069A542 /* guide */ = {
			isa = PBXGroup;
			children = (
				668CE1581F9463C40069A542 /* YHGuideView.h */,
				668CE1591F9463C40069A542 /* YHGuideView.m */,
				6656D1771FDE767C001E505E /* YHGuideView.xib */,
			);
			path = guide;
			sourceTree = "<group>";
		};
		668CE15D1F94BF680069A542 /* other */ = {
			isa = PBXGroup;
			children = (
				668CE15E1F94BF680069A542 /* itools */,
			);
			path = other;
			sourceTree = "<group>";
		};
		668CE15E1F94BF680069A542 /* itools */ = {
			isa = PBXGroup;
			children = (
				66EFC4C71F9DDC0C0067CA32 /* DGActivityIndicatorView */,
				668CE15F1F94BF680069A542 /* UIView+Frame.h */,
				668CE1601F94BF680069A542 /* UIView+Frame.m */,
				66EFC4C41F9DD8180067CA32 /* YHUserInfo.h */,
				66EFC4C51F9DD8180067CA32 /* YHUserInfo.m */,
				6656D1741FDE7450001E505E /* UIView+YHTransitionAnimation.h */,
				6656D1751FDE7450001E505E /* UIView+YHTransitionAnimation.m */,
				66149D291FE76ADA00EBDEE0 /* UICountingLabel.h */,
				66149D281FE76AD900EBDEE0 /* UICountingLabel.m */,
			);
			path = itools;
			sourceTree = "<group>";
		};
		66A1BA9F1F905E450096907F /* network */ = {
			isa = PBXGroup;
			children = (
				66A1BAA01F905ECE0096907F /* YHRootNet.h */,
				66A1BAA11F905ECE0096907F /* YHRootNet.m */,
				66A1BAA31F90637A0096907F /* YHDatasourceNetData.h */,
				66A1BAA41F90637A0096907F /* YHDatasourceNetData.m */,
				662340B41FDA94FD00937B5A /* GDataXMLNode.h */,
				662340B51FDA94FD00937B5A /* GDataXMLNode.m */,
			);
			path = network;
			sourceTree = "<group>";
		};
		66DCE90C1F99E28B00AE5655 /* root */ = {
			isa = PBXGroup;
			children = (
				66DCE90D1F99E2C400AE5655 /* YHMainTabBarViewController.h */,
				66DCE90E1F99E2C400AE5655 /* YHMainTabBarViewController.m */,
				66DCE9101F99E46B00AE5655 /* YHNavigationViewController.h */,
				66DCE9111F99E46B00AE5655 /* YHNavigationViewController.m */,
			);
			path = root;
			sourceTree = "<group>";
		};
		66E7123A1F8F4DB100D8130E = {
			isa = PBXGroup;
			children = (
				66E712451F8F4DB100D8130E /* YU-IOS */,
				66E7125E1F8F4DB200D8130E /* YU-IOSTests */,
				66E712691F8F4DB200D8130E /* YU-IOSUITests */,
				66E712441F8F4DB100D8130E /* Products */,
				B0787D2385066F74E8717B31 /* Pods */,
				EBB82A9D62A40793A8D248A1 /* Frameworks */,
			);
			sourceTree = "<group>";
		};
		66E712441F8F4DB100D8130E /* Products */ = {
			isa = PBXGroup;
			children = (
				66E712431F8F4DB100D8130E /* YU-IOS.app */,
				66E7125B1F8F4DB200D8130E /* YU-IOSTests.xctest */,
				66E712661F8F4DB200D8130E /* YU-IOSUITests.xctest */,
			);
			name = Products;
			sourceTree = "<group>";
		};
		66E712451F8F4DB100D8130E /* YU-IOS */ = {
			isa = PBXGroup;
			children = (
				66149D2B1FE7B62900EBDEE0 /* suspendButton */,
				6656D1791FDE7FE5001E505E /* subviews */,
				66DCE90C1F99E28B00AE5655 /* root */,
				663A90301F95DAE300A698FF /* excise */,
				668CE15D1F94BF680069A542 /* other */,
				668CE1571F94639D0069A542 /* guide */,
				66A1BA9F1F905E450096907F /* network */,
				66E7128F1F8F7C1100D8130E /* ad */,
				66E7127F1F8F4EC400D8130E /* supporting file */,
				66E712781F8F4E0300D8130E /* main */,
			);
			path = "YU-IOS";
			sourceTree = "<group>";
		};
		66E7125E1F8F4DB200D8130E /* YU-IOSTests */ = {
			isa = PBXGroup;
			children = (
				66E7125F1F8F4DB200D8130E /* YU_IOSTests.m */,
				66E712611F8F4DB200D8130E /* Info.plist */,
			);
			path = "YU-IOSTests";
			sourceTree = "<group>";
		};
		66E712691F8F4DB200D8130E /* YU-IOSUITests */ = {
			isa = PBXGroup;
			children = (
				66E7126A1F8F4DB200D8130E /* YU_IOSUITests.m */,
				66E7126C1F8F4DB200D8130E /* Info.plist */,
			);
			path = "YU-IOSUITests";
			sourceTree = "<group>";
		};
		66E712781F8F4E0300D8130E /* main */ = {
			isa = PBXGroup;
			children = (
				66E712791F8F4E0300D8130E /* controller */,
				66E7127A1F8F4E0300D8130E /* model */,
				66E7127B1F8F4E0300D8130E /* view */,
			);
			path = main;
			sourceTree = "<group>";
		};
		66E712791F8F4E0300D8130E /* controller */ = {
			isa = PBXGroup;
			children = (
				66E7127C1F8F4E1F00D8130E /* YHMainViewController.h */,
				66E7127D1F8F4E1F00D8130E /* YHMainViewController.m */,
			);
			path = controller;
			sourceTree = "<group>";
		};
		66E7127A1F8F4E0300D8130E /* model */ = {
			isa = PBXGroup;
			children = (
			);
			path = model;
			sourceTree = "<group>";
		};
		66E7127B1F8F4E0300D8130E /* view */ = {
			isa = PBXGroup;
			children = (
				6656D18C1FDE8841001E505E /* YHNavigationController.h */,
				6656D18D1FDE8841001E505E /* YHNavigationController.m */,
			);
			path = view;
			sourceTree = "<group>";
		};
		66E7127F1F8F4EC400D8130E /* supporting file */ = {
			isa = PBXGroup;
			children = (
				66FB73C41FEA6C1300446C8A /* cat.gif */,
				66E712801F8F4EC400D8130E /* AppDelegate.h */,
				66E712811F8F4EC400D8130E /* AppDelegate.m */,
				66E712821F8F4EC400D8130E /* Assets.xcassets */,
				66E712871F8F4EC400D8130E /* Info.plist */,
				66E712881F8F4EC400D8130E /* main.m */,
				66E7128E1F8F540000D8130E /* PrefixHeader.pch */,
				66A1BA9B1F9056FF0096907F /* classes.h */,
				66A1BAA61F9090F20096907F /* YHAttribute.h */,
				662340B31FDA885C00937B5A /* YHUrl.h */,
			);
			path = "supporting file";
			sourceTree = "<group>";
		};
		66E7128F1F8F7C1100D8130E /* ad */ = {
			isa = PBXGroup;
			children = (
				66E712901F8F7C1100D8130E /* controller */,
				66E712911F8F7C1100D8130E /* model */,
				66E712921F8F7C1100D8130E /* view */,
			);
			path = ad;
			sourceTree = "<group>";
		};
		66E712901F8F7C1100D8130E /* controller */ = {
			isa = PBXGroup;
			children = (
				66E712931F8F7C3C00D8130E /* YHAdViewController.h */,
				66E712941F8F7C3C00D8130E /* YHAdViewController.m */,
				66E712951F8F7C3C00D8130E /* YHAdViewController.xib */,
			);
			path = controller;
			sourceTree = "<group>";
		};
		66E712911F8F7C1100D8130E /* model */ = {
			isa = PBXGroup;
			children = (
				66A1BA9C1F9059E10096907F /* AdModel.h */,
				66A1BA9D1F9059E10096907F /* AdModel.m */,
				662340B71FDA953A00937B5A /* AdData.h */,
				662340B81FDA953A00937B5A /* AdData.m */,
			);
			path = model;
			sourceTree = "<group>";
		};
		66E712921F8F7C1100D8130E /* view */ = {
			isa = PBXGroup;
			children = (
			);
			path = view;
			sourceTree = "<group>";
		};
		66EFC4C71F9DDC0C0067CA32 /* DGActivityIndicatorView */ = {
			isa = PBXGroup;
			children = (
				66EFC4C81F9DDC0C0067CA32 /* Animations */,
				66EFC50B1F9DDC0C0067CA32 /* DGActivityIndicatorAnimationProtocol.h */,
				66EFC50C1F9DDC0C0067CA32 /* DGActivityIndicatorView.h */,
				66EFC50D1F9DDC0C0067CA32 /* DGActivityIndicatorView.m */,
			);
			path = DGActivityIndicatorView;
			sourceTree = "<group>";
		};
		66EFC4C81F9DDC0C0067CA32 /* Animations */ = {
			isa = PBXGroup;
			children = (
				66EFC4C91F9DDC0C0067CA32 /* DGActivityIndicatorBallBeatAnimation.h */,
				66EFC4CA1F9DDC0C0067CA32 /* DGActivityIndicatorBallBeatAnimation.m */,
				66EFC4CB1F9DDC0C0067CA32 /* DGActivityIndicatorBallClipRotateAnimation.h */,
				66EFC4CC1F9DDC0C0067CA32 /* DGActivityIndicatorBallClipRotateAnimation.m */,
				66EFC4CD1F9DDC0C0067CA32 /* DGActivityIndicatorBallClipRotateMultipleAnimation.h */,
				66EFC4CE1F9DDC0C0067CA32 /* DGActivityIndicatorBallClipRotateMultipleAnimation.m */,
				66EFC4CF1F9DDC0C0067CA32 /* DGActivityIndicatorBallClipRotatePulseAnimation.h */,
				66EFC4D01F9DDC0C0067CA32 /* DGActivityIndicatorBallClipRotatePulseAnimation.m */,
				66EFC4D11F9DDC0C0067CA32 /* DGActivityIndicatorBallGridBeatAnimation.h */,
				66EFC4D21F9DDC0C0067CA32 /* DGActivityIndicatorBallGridBeatAnimation.m */,
				66EFC4D31F9DDC0C0067CA32 /* DGActivityIndicatorBallGridPulseAnimation.h */,
				66EFC4D41F9DDC0C0067CA32 /* DGActivityIndicatorBallGridPulseAnimation.m */,
				66EFC4D51F9DDC0C0067CA32 /* DGActivityIndicatorBallPulseAnimation.h */,
				66EFC4D61F9DDC0C0067CA32 /* DGActivityIndicatorBallPulseAnimation.m */,
				66EFC4D71F9DDC0C0067CA32 /* DGActivityIndicatorBallPulseSyncAnimation.h */,
				66EFC4D81F9DDC0C0067CA32 /* DGActivityIndicatorBallPulseSyncAnimation.m */,
				66EFC4D91F9DDC0C0067CA32 /* DGActivityIndicatorBallRotateAnimation.h */,
				66EFC4DA1F9DDC0C0067CA32 /* DGActivityIndicatorBallRotateAnimation.m */,
				66EFC4DB1F9DDC0C0067CA32 /* DGActivityIndicatorBallScaleAnimation.h */,
				66EFC4DC1F9DDC0C0067CA32 /* DGActivityIndicatorBallScaleAnimation.m */,
				66EFC4DD1F9DDC0C0067CA32 /* DGActivityIndicatorBallScaleMultipleAnimation.h */,
				66EFC4DE1F9DDC0C0067CA32 /* DGActivityIndicatorBallScaleMultipleAnimation.m */,
				66EFC4DF1F9DDC0C0067CA32 /* DGActivityIndicatorBallScaleRippleAnimation.h */,
				66EFC4E01F9DDC0C0067CA32 /* DGActivityIndicatorBallScaleRippleAnimation.m */,
				66EFC4E11F9DDC0C0067CA32 /* DGActivityIndicatorBallScaleRippleMultipleAnimation.h */,
				66EFC4E21F9DDC0C0067CA32 /* DGActivityIndicatorBallScaleRippleMultipleAnimation.m */,
				66EFC4E31F9DDC0C0067CA32 /* DGActivityIndicatorBallSpinFadeLoader.h */,
				66EFC4E41F9DDC0C0067CA32 /* DGActivityIndicatorBallSpinFadeLoader.m */,
				66EFC4E51F9DDC0C0067CA32 /* DGActivityIndicatorBallTrianglePathAnimation.h */,
				66EFC4E61F9DDC0C0067CA32 /* DGActivityIndicatorBallTrianglePathAnimation.m */,
				66EFC4E71F9DDC0C0067CA32 /* DGActivityIndicatorBallZigZagAnimation.h */,
				66EFC4E81F9DDC0C0067CA32 /* DGActivityIndicatorBallZigZagAnimation.m */,
				66EFC4E91F9DDC0C0067CA32 /* DGActivityIndicatorBallZigZagDeflectAnimation.h */,
				66EFC4EA1F9DDC0C0067CA32 /* DGActivityIndicatorBallZigZagDeflectAnimation.m */,
				66EFC4EB1F9DDC0C0067CA32 /* DGActivityIndicatorCookieTerminatorAnimation.h */,
				66EFC4EC1F9DDC0C0067CA32 /* DGActivityIndicatorCookieTerminatorAnimation.m */,
				66EFC4ED1F9DDC0C0067CA32 /* DGActivityIndicatorDoubleBounceAnimation.h */,
				66EFC4EE1F9DDC0C0067CA32 /* DGActivityIndicatorDoubleBounceAnimation.m */,
				66EFC4EF1F9DDC0C0067CA32 /* DGActivityIndicatorFiveDotsAnimation.h */,
				66EFC4F01F9DDC0C0067CA32 /* DGActivityIndicatorFiveDotsAnimation.m */,
				66EFC4F11F9DDC0C0067CA32 /* DGActivityIndicatorLineScaleAnimation.h */,
				66EFC4F21F9DDC0C0067CA32 /* DGActivityIndicatorLineScaleAnimation.m */,
				66EFC4F31F9DDC0C0067CA32 /* DGActivityIndicatorLineScalePartyAnimation.h */,
				66EFC4F41F9DDC0C0067CA32 /* DGActivityIndicatorLineScalePartyAnimation.m */,
				66EFC4F51F9DDC0C0067CA32 /* DGActivityIndicatorLineScalePulseOutAnimation.h */,
				66EFC4F61F9DDC0C0067CA32 /* DGActivityIndicatorLineScalePulseOutAnimation.m */,
				66EFC4F71F9DDC0C0067CA32 /* DGActivityIndicatorLineScalePulseOutRapidAnimation.h */,
				66EFC4F81F9DDC0C0067CA32 /* DGActivityIndicatorLineScalePulseOutRapidAnimation.m */,
				66EFC4F91F9DDC0C0067CA32 /* DGActivityIndicatorNineDotsAnimation.h */,
				66EFC4FA1F9DDC0C0067CA32 /* DGActivityIndicatorNineDotsAnimation.m */,
				66EFC4FB1F9DDC0C0067CA32 /* DGActivityIndicatorRotatingSandglassAnimation.h */,
				66EFC4FC1F9DDC0C0067CA32 /* DGActivityIndicatorRotatingSandglassAnimation.m */,
				66EFC4FD1F9DDC0C0067CA32 /* DGActivityIndicatorRotatingSquaresAnimation.h */,
				66EFC4FE1F9DDC0C0067CA32 /* DGActivityIndicatorRotatingSquaresAnimation.m */,
				66EFC4FF1F9DDC0C0067CA32 /* DGActivityIndicatorRotatingTrigonAnimation.h */,
				66EFC5001F9DDC0C0067CA32 /* DGActivityIndicatorRotatingTrigonAnimation.m */,
				66EFC5011F9DDC0C0067CA32 /* DGActivityIndicatorThreeDotsAnimation.h */,
				66EFC5021F9DDC0C0067CA32 /* DGActivityIndicatorThreeDotsAnimation.m */,
				66EFC5031F9DDC0C0067CA32 /* DGActivityIndicatorTriangleSkewSpinAnimation.h */,
				66EFC5041F9DDC0C0067CA32 /* DGActivityIndicatorTriangleSkewSpinAnimation.m */,
				66EFC5051F9DDC0C0067CA32 /* DGActivityIndicatorTriplePulseAnimation.h */,
				66EFC5061F9DDC0C0067CA32 /* DGActivityIndicatorTriplePulseAnimation.m */,
				66EFC5071F9DDC0C0067CA32 /* DGActivityIndicatorTripleRingsAnimation.h */,
				66EFC5081F9DDC0C0067CA32 /* DGActivityIndicatorTripleRingsAnimation.m */,
				66EFC5091F9DDC0C0067CA32 /* DGActivityIndicatorTwoDotsAnimation.h */,
				66EFC50A1F9DDC0C0067CA32 /* DGActivityIndicatorTwoDotsAnimation.m */,
			);
			path = Animations;
			sourceTree = "<group>";
		};
		B0787D2385066F74E8717B31 /* Pods */ = {
			isa = PBXGroup;
			children = (
				85698007F931D5D392B3F4B8 /* Pods-YU-IOS.debug.xcconfig */,
				AE02E3DA5D5C16F415053C32 /* Pods-YU-IOS.release.xcconfig */,
			);
			name = Pods;
			sourceTree = "<group>";
		};
		EBB82A9D62A40793A8D248A1 /* Frameworks */ = {
			isa = PBXGroup;
			children = (
				662340BC1FDA9CBB00937B5A /* libc++.tbd */,
				662340BA1FDA9C9900937B5A /* libxml2.2.tbd */,
				FBF03F0BF43B3369DB940F90 /* libPods-YU-IOS.a */,
			);
			name = Frameworks;
			sourceTree = "<group>";
		};
/* End PBXGroup section */

/* Begin PBXNativeTarget section */
		66E712421F8F4DB100D8130E /* YU-IOS */ = {
			isa = PBXNativeTarget;
			buildConfigurationList = 66E7126F1F8F4DB200D8130E /* Build configuration list for PBXNativeTarget "YU-IOS" */;
			buildPhases = (
				D390AAF15069C898533D6519 /* [CP] Check Pods Manifest.lock */,
				66E7123F1F8F4DB100D8130E /* Sources */,
				66E712401F8F4DB100D8130E /* Frameworks */,
				66E712411F8F4DB100D8130E /* Resources */,
				09117B7765E4D4B587F93D4E /* [CP] Embed Pods Frameworks */,
				8AAA2E905930E50152B9D2D5 /* [CP] Copy Pods Resources */,
			);
			buildRules = (
			);
			dependencies = (
			);
			name = "YU-IOS";
			productName = "YU-IOS";
			productReference = 66E712431F8F4DB100D8130E /* YU-IOS.app */;
			productType = "com.apple.product-type.application";
		};
		66E7125A1F8F4DB200D8130E /* YU-IOSTests */ = {
			isa = PBXNativeTarget;
			buildConfigurationList = 66E712721F8F4DB200D8130E /* Build configuration list for PBXNativeTarget "YU-IOSTests" */;
			buildPhases = (
				66E712571F8F4DB200D8130E /* Sources */,
				66E712581F8F4DB200D8130E /* Frameworks */,
				66E712591F8F4DB200D8130E /* Resources */,
			);
			buildRules = (
			);
			dependencies = (
				66E7125D1F8F4DB200D8130E /* PBXTargetDependency */,
			);
			name = "YU-IOSTests";
			productName = "YU-IOSTests";
			productReference = 66E7125B1F8F4DB200D8130E /* YU-IOSTests.xctest */;
			productType = "com.apple.product-type.bundle.unit-test";
		};
		66E712651F8F4DB200D8130E /* YU-IOSUITests */ = {
			isa = PBXNativeTarget;
			buildConfigurationList = 66E712751F8F4DB200D8130E /* Build configuration list for PBXNativeTarget "YU-IOSUITests" */;
			buildPhases = (
				66E712621F8F4DB200D8130E /* Sources */,
				66E712631F8F4DB200D8130E /* Frameworks */,
				66E712641F8F4DB200D8130E /* Resources */,
			);
			buildRules = (
			);
			dependencies = (
				66E712681F8F4DB200D8130E /* PBXTargetDependency */,
			);
			name = "YU-IOSUITests";
			productName = "YU-IOSUITests";
			productReference = 66E712661F8F4DB200D8130E /* YU-IOSUITests.xctest */;
			productType = "com.apple.product-type.bundle.ui-testing";
		};
/* End PBXNativeTarget section */

/* Begin PBXProject section */
		66E7123B1F8F4DB100D8130E /* Project object */ = {
			isa = PBXProject;
			attributes = {
				LastUpgradeCheck = 0900;
				ORGANIZATIONNAME = yuhao;
				TargetAttributes = {
					66E712421F8F4DB100D8130E = {
						CreatedOnToolsVersion = 9.0;
						ProvisioningStyle = Automatic;
					};
					66E7125A1F8F4DB200D8130E = {
						CreatedOnToolsVersion = 9.0;
						ProvisioningStyle = Automatic;
						TestTargetID = 66E712421F8F4DB100D8130E;
					};
					66E712651F8F4DB200D8130E = {
						CreatedOnToolsVersion = 9.0;
						ProvisioningStyle = Automatic;
						TestTargetID = 66E712421F8F4DB100D8130E;
					};
				};
			};
			buildConfigurationList = 66E7123E1F8F4DB100D8130E /* Build configuration list for PBXProject "YU-IOS" */;
			compatibilityVersion = "Xcode 8.0";
			developmentRegion = en;
			hasScannedForEncodings = 0;
			knownRegions = (
				en,
				Base,
			);
			mainGroup = 66E7123A1F8F4DB100D8130E;
			productRefGroup = 66E712441F8F4DB100D8130E /* Products */;
			projectDirPath = "";
			projectRoot = "";
			targets = (
				66E712421F8F4DB100D8130E /* YU-IOS */,
				66E7125A1F8F4DB200D8130E /* YU-IOSTests */,
				66E712651F8F4DB200D8130E /* YU-IOSUITests */,
			);
		};
/* End PBXProject section */

/* Begin PBXResourcesBuildPhase section */
		66E712411F8F4DB100D8130E /* Resources */ = {
			isa = PBXResourcesBuildPhase;
			buildActionMask = 2147483647;
			files = (
				66EFC4BD1F9DC1530067CA32 /* Assets.xcassets in Resources */,
				66EFC5341F9DF1AC0067CA32 /* YHExciseCell.xib in Resources */,
				66FB73C51FEA6C1300446C8A /* cat.gif in Resources */,
				6656D1781FDE767C001E505E /* YHGuideView.xib in Resources */,
				66E712971F8F7C3C00D8130E /* YHAdViewController.xib in Resources */,
			);
			runOnlyForDeploymentPostprocessing = 0;
		};
		66E712591F8F4DB200D8130E /* Resources */ = {
			isa = PBXResourcesBuildPhase;
			buildActionMask = 2147483647;
			files = (
			);
			runOnlyForDeploymentPostprocessing = 0;
		};
		66E712641F8F4DB200D8130E /* Resources */ = {
			isa = PBXResourcesBuildPhase;
			buildActionMask = 2147483647;
			files = (
			);
			runOnlyForDeploymentPostprocessing = 0;
		};
/* End PBXResourcesBuildPhase section */

/* Begin PBXShellScriptBuildPhase section */
		09117B7765E4D4B587F93D4E /* [CP] Embed Pods Frameworks */ = {
			isa = PBXShellScriptBuildPhase;
			buildActionMask = 2147483647;
			files = (
			);
			inputPaths = (
			);
			name = "[CP] Embed Pods Frameworks";
			outputPaths = (
			);
			runOnlyForDeploymentPostprocessing = 0;
			shellPath = /bin/sh;
			shellScript = "\"${SRCROOT}/Pods/Target Support Files/Pods-YU-IOS/Pods-YU-IOS-frameworks.sh\"\n";
			showEnvVarsInLog = 0;
		};
		8AAA2E905930E50152B9D2D5 /* [CP] Copy Pods Resources */ = {
			isa = PBXShellScriptBuildPhase;
			buildActionMask = 2147483647;
			files = (
			);
			inputPaths = (
				"${SRCROOT}/Pods/Target Support Files/Pods-YU-IOS/Pods-YU-IOS-resources.sh",
				"${PODS_ROOT}/MJRefresh/MJRefresh/MJRefresh.bundle",
			);
			name = "[CP] Copy Pods Resources";
			outputPaths = (
				"${TARGET_BUILD_DIR}/${UNLOCALIZED_RESOURCES_FOLDER_PATH}",
			);
			runOnlyForDeploymentPostprocessing = 0;
			shellPath = /bin/sh;
			shellScript = "\"${SRCROOT}/Pods/Target Support Files/Pods-YU-IOS/Pods-YU-IOS-resources.sh\"\n";
			showEnvVarsInLog = 0;
		};
		D390AAF15069C898533D6519 /* [CP] Check Pods Manifest.lock */ = {
			isa = PBXShellScriptBuildPhase;
			buildActionMask = 2147483647;
			files = (
			);
			inputPaths = (
				"${PODS_PODFILE_DIR_PATH}/Podfile.lock",
				"${PODS_ROOT}/Manifest.lock",
			);
			name = "[CP] Check Pods Manifest.lock";
			outputPaths = (
				"$(DERIVED_FILE_DIR)/Pods-YU-IOS-checkManifestLockResult.txt",
			);
			runOnlyForDeploymentPostprocessing = 0;
			shellPath = /bin/sh;
			shellScript = "diff \"${PODS_PODFILE_DIR_PATH}/Podfile.lock\" \"${PODS_ROOT}/Manifest.lock\" > /dev/null\nif [ $? != 0 ] ; then\n    # print error to STDERR\n    echo \"error: The sandbox is not in sync with the Podfile.lock. Run 'pod install' or update your CocoaPods installation.\" >&2\n    exit 1\nfi\n# This output is used by Xcode 'outputs' to avoid re-running this script phase.\necho \"SUCCESS\" > \"${SCRIPT_OUTPUT_FILE_0}\"\n";
			showEnvVarsInLog = 0;
		};
/* End PBXShellScriptBuildPhase section */

/* Begin PBXSourcesBuildPhase section */
		66E7123F1F8F4DB100D8130E /* Sources */ = {
			isa = PBXSourcesBuildPhase;
			buildActionMask = 2147483647;
			files = (
				66149D361FE7B70D00EBDEE0 /* JJYUIScreenHelp.m in Sources */,
				662340B61FDA94FD00937B5A /* GDataXMLNode.m in Sources */,
				66EFC50E1F9DDD020067CA32 /* DGActivityIndicatorBallBeatAnimation.m in Sources */,
				66EFC50F1F9DDD020067CA32 /* DGActivityIndicatorBallClipRotateAnimation.m in Sources */,
				66EFC5101F9DDD020067CA32 /* DGActivityIndicatorBallClipRotateMultipleAnimation.m in Sources */,
				66EFC5111F9DDD020067CA32 /* DGActivityIndicatorBallClipRotatePulseAnimation.m in Sources */,
				66EFC5121F9DDD020067CA32 /* DGActivityIndicatorBallGridBeatAnimation.m in Sources */,
				66EFC5131F9DDD020067CA32 /* DGActivityIndicatorBallGridPulseAnimation.m in Sources */,
				66EFC5141F9DDD020067CA32 /* DGActivityIndicatorBallPulseAnimation.m in Sources */,
				66EFC5331F9DF1AC0067CA32 /* YHExciseCell.m in Sources */,
				66EFC5151F9DDD020067CA32 /* DGActivityIndicatorBallPulseSyncAnimation.m in Sources */,
				66EFC5161F9DDD020067CA32 /* DGActivityIndicatorBallRotateAnimation.m in Sources */,
				66EFC5171F9DDD020067CA32 /* DGActivityIndicatorBallScaleAnimation.m in Sources */,
				66EFC5181F9DDD020067CA32 /* DGActivityIndicatorBallScaleMultipleAnimation.m in Sources */,
				66EFC5191F9DDD020067CA32 /* DGActivityIndicatorBallScaleRippleAnimation.m in Sources */,
				66EFC51A1F9DDD020067CA32 /* DGActivityIndicatorBallScaleRippleMultipleAnimation.m in Sources */,
				66EFC51B1F9DDD020067CA32 /* DGActivityIndicatorBallSpinFadeLoader.m in Sources */,
				66EFC51C1F9DDD020067CA32 /* DGActivityIndicatorBallTrianglePathAnimation.m in Sources */,
				66A3D5421FE109B900263A6F /* YHCalenderView.m in Sources */,
				66EFC51D1F9DDD020067CA32 /* DGActivityIndicatorBallZigZagAnimation.m in Sources */,
				66A3D5481FE110FD00263A6F /* YHCalendarDayCell.m in Sources */,
				66EFC51E1F9DDD020067CA32 /* DGActivityIndicatorBallZigZagDeflectAnimation.m in Sources */,
				6656D1851FDE8121001E505E /* WMGiftDetaultAnimationView.m in Sources */,
				6656D1911FDEA17F001E505E /* YHSigninTopView.m in Sources */,
				66149D2A1FE76ADA00EBDEE0 /* UICountingLabel.m in Sources */,
				66EFC51F1F9DDD020067CA32 /* DGActivityIndicatorCookieTerminatorAnimation.m in Sources */,
				66EFC5201F9DDD020067CA32 /* DGActivityIndicatorDoubleBounceAnimation.m in Sources */,
				66EFC5211F9DDD020067CA32 /* DGActivityIndicatorFiveDotsAnimation.m in Sources */,
				66A3D54B1FE12CC400263A6F /* YHCalendarModel.m in Sources */,
				66EFC5221F9DDD020067CA32 /* DGActivityIndicatorLineScaleAnimation.m in Sources */,
				66A3D5451FE110A600263A6F /* YHCalendarWeekCell.m in Sources */,
				66EFC5231F9DDD020067CA32 /* DGActivityIndicatorLineScalePartyAnimation.m in Sources */,
				667A38B11FE21AA7002ED9A8 /* YHCalendarTool.m in Sources */,
				66EFC5241F9DDD020067CA32 /* DGActivityIndicatorLineScalePulseOutAnimation.m in Sources */,
				66EFC5251F9DDD020067CA32 /* DGActivityIndicatorLineScalePulseOutRapidAnimation.m in Sources */,
				66A3D54E1FE1301300263A6F /* YHCalendarData.m in Sources */,
				66149D371FE7B70D00EBDEE0 /* JJYViewHelp.m in Sources */,
				6656D17F1FDE801A001E505E /* YHMainFirstViewController.m in Sources */,
				66EFC5261F9DDD020067CA32 /* DGActivityIndicatorNineDotsAnimation.m in Sources */,
				66EFC5271F9DDD020067CA32 /* DGActivityIndicatorRotatingSandglassAnimation.m in Sources */,
				66EFC5281F9DDD020067CA32 /* DGActivityIndicatorRotatingSquaresAnimation.m in Sources */,
				6656D18E1FDE8841001E505E /* YHNavigationController.m in Sources */,
				662340B91FDA953B00937B5A /* AdData.m in Sources */,
				66149D311FE7B64B00EBDEE0 /* YHSuspendBtn.m in Sources */,
				6656D1761FDE7450001E505E /* UIView+YHTransitionAnimation.m in Sources */,
				66EFC5291F9DDD020067CA32 /* DGActivityIndicatorRotatingTrigonAnimation.m in Sources */,
				66EFC52A1F9DDD020067CA32 /* DGActivityIndicatorThreeDotsAnimation.m in Sources */,
				66EFC52B1F9DDD020067CA32 /* DGActivityIndicatorTriangleSkewSpinAnimation.m in Sources */,
				66EFC52C1F9DDD020067CA32 /* DGActivityIndicatorTriplePulseAnimation.m in Sources */,
				6656D1881FDE83EE001E505E /* YHMainSecondViewController.m in Sources */,
				66EFC52D1F9DDD020067CA32 /* DGActivityIndicatorTripleRingsAnimation.m in Sources */,
				66EFC52E1F9DDD020067CA32 /* DGActivityIndicatorTwoDotsAnimation.m in Sources */,
				66EFC52F1F9DDD020067CA32 /* DGActivityIndicatorView.m in Sources */,
				66EFC4C01F9DCB070067CA32 /* YHPlayerAnimation.m in Sources */,
				668CE1611F94C0170069A542 /* UIView+Frame.m in Sources */,
				66A1BA9E1F9059E10096907F /* AdModel.m in Sources */,
				66EFC4C61F9DD8180067CA32 /* YHUserInfo.m in Sources */,
				66E712961F8F7C3C00D8130E /* YHAdViewController.m in Sources */,
				66DCE9151F99F50500AE5655 /* YHExciseView.m in Sources */,
				66DCE90F1F99E2C400AE5655 /* YHMainTabBarViewController.m in Sources */,
				668CE15A1F9463C40069A542 /* YHGuideView.m in Sources */,
				663A90361F95EFB000A698FF /* YHExciseViewController.m in Sources */,
				66E7128B1F8F4F0A00D8130E /* AppDelegate.m in Sources */,
				66DCE9121F99E46B00AE5655 /* YHNavigationViewController.m in Sources */,
				66E712891F8F4EE100D8130E /* main.m in Sources */,
				66A1BAA51F90637A0096907F /* YHDatasourceNetData.m in Sources */,
				66A1BAA21F905ECE0096907F /* YHRootNet.m in Sources */,
				66E7127E1F8F4E1F00D8130E /* YHMainViewController.m in Sources */,
				66EFC4C31F9DD6980067CA32 /* YHOrderRecorderView.m in Sources */,
			);
			runOnlyForDeploymentPostprocessing = 0;
		};
		66E712571F8F4DB200D8130E /* Sources */ = {
			isa = PBXSourcesBuildPhase;
			buildActionMask = 2147483647;
			files = (
				66E712601F8F4DB200D8130E /* YU_IOSTests.m in Sources */,
			);
			runOnlyForDeploymentPostprocessing = 0;
		};
		66E712621F8F4DB200D8130E /* Sources */ = {
			isa = PBXSourcesBuildPhase;
			buildActionMask = 2147483647;
			files = (
				66E7126B1F8F4DB200D8130E /* YU_IOSUITests.m in Sources */,
			);
			runOnlyForDeploymentPostprocessing = 0;
		};
/* End PBXSourcesBuildPhase section */

/* Begin PBXTargetDependency section */
		66E7125D1F8F4DB200D8130E /* PBXTargetDependency */ = {
			isa = PBXTargetDependency;
			target = 66E712421F8F4DB100D8130E /* YU-IOS */;
			targetProxy = 66E7125C1F8F4DB200D8130E /* PBXContainerItemProxy */;
		};
		66E712681F8F4DB200D8130E /* PBXTargetDependency */ = {
			isa = PBXTargetDependency;
			target = 66E712421F8F4DB100D8130E /* YU-IOS */;
			targetProxy = 66E712671F8F4DB200D8130E /* PBXContainerItemProxy */;
		};
/* End PBXTargetDependency section */

/* Begin XCBuildConfiguration section */
		66E7126D1F8F4DB200D8130E /* Debug */ = {
			isa = XCBuildConfiguration;
			buildSettings = {
				ALWAYS_SEARCH_USER_PATHS = NO;
				CLANG_ANALYZER_NONNULL = YES;
				CLANG_ANALYZER_NUMBER_OBJECT_CONVERSION = YES_AGGRESSIVE;
				CLANG_CXX_LANGUAGE_STANDARD = "gnu++14";
				CLANG_CXX_LIBRARY = "libc++";
				CLANG_ENABLE_MODULES = YES;
				CLANG_ENABLE_OBJC_ARC = YES;
				CLANG_WARN_BLOCK_CAPTURE_AUTORELEASING = YES;
				CLANG_WARN_BOOL_CONVERSION = YES;
				CLANG_WARN_COMMA = YES;
				CLANG_WARN_CONSTANT_CONVERSION = YES;
				CLANG_WARN_DIRECT_OBJC_ISA_USAGE = YES_ERROR;
				CLANG_WARN_DOCUMENTATION_COMMENTS = YES;
				CLANG_WARN_EMPTY_BODY = YES;
				CLANG_WARN_ENUM_CONVERSION = YES;
				CLANG_WARN_INFINITE_RECURSION = YES;
				CLANG_WARN_INT_CONVERSION = YES;
				CLANG_WARN_NON_LITERAL_NULL_CONVERSION = YES;
				CLANG_WARN_OBJC_LITERAL_CONVERSION = YES;
				CLANG_WARN_OBJC_ROOT_CLASS = YES_ERROR;
				CLANG_WARN_RANGE_LOOP_ANALYSIS = YES;
				CLANG_WARN_STRICT_PROTOTYPES = YES;
				CLANG_WARN_SUSPICIOUS_MOVE = YES;
				CLANG_WARN_UNGUARDED_AVAILABILITY = YES_AGGRESSIVE;
				CLANG_WARN_UNREACHABLE_CODE = YES;
				CLANG_WARN__DUPLICATE_METHOD_MATCH = YES;
				CODE_SIGN_IDENTITY = "iPhone Developer";
				COPY_PHASE_STRIP = NO;
				DEBUG_INFORMATION_FORMAT = dwarf;
				ENABLE_STRICT_OBJC_MSGSEND = YES;
				ENABLE_TESTABILITY = YES;
				GCC_C_LANGUAGE_STANDARD = gnu11;
				GCC_DYNAMIC_NO_PIC = NO;
				GCC_NO_COMMON_BLOCKS = YES;
				GCC_OPTIMIZATION_LEVEL = 0;
				GCC_PREPROCESSOR_DEFINITIONS = (
					"DEBUG=1",
					"$(inherited)",
				);
				GCC_WARN_64_TO_32_BIT_CONVERSION = YES;
				GCC_WARN_ABOUT_RETURN_TYPE = YES_ERROR;
				GCC_WARN_UNDECLARED_SELECTOR = YES;
				GCC_WARN_UNINITIALIZED_AUTOS = YES_AGGRESSIVE;
				GCC_WARN_UNUSED_FUNCTION = YES;
				GCC_WARN_UNUSED_VARIABLE = YES;
				IPHONEOS_DEPLOYMENT_TARGET = 9.0;
				MTL_ENABLE_DEBUG_INFO = YES;
				ONLY_ACTIVE_ARCH = YES;
				SDKROOT = iphoneos;
			};
			name = Debug;
		};
		66E7126E1F8F4DB200D8130E /* Release */ = {
			isa = XCBuildConfiguration;
			buildSettings = {
				ALWAYS_SEARCH_USER_PATHS = NO;
				CLANG_ANALYZER_NONNULL = YES;
				CLANG_ANALYZER_NUMBER_OBJECT_CONVERSION = YES_AGGRESSIVE;
				CLANG_CXX_LANGUAGE_STANDARD = "gnu++14";
				CLANG_CXX_LIBRARY = "libc++";
				CLANG_ENABLE_MODULES = YES;
				CLANG_ENABLE_OBJC_ARC = YES;
				CLANG_WARN_BLOCK_CAPTURE_AUTORELEASING = YES;
				CLANG_WARN_BOOL_CONVERSION = YES;
				CLANG_WARN_COMMA = YES;
				CLANG_WARN_CONSTANT_CONVERSION = YES;
				CLANG_WARN_DIRECT_OBJC_ISA_USAGE = YES_ERROR;
				CLANG_WARN_DOCUMENTATION_COMMENTS = YES;
				CLANG_WARN_EMPTY_BODY = YES;
				CLANG_WARN_ENUM_CONVERSION = YES;
				CLANG_WARN_INFINITE_RECURSION = YES;
				CLANG_WARN_INT_CONVERSION = YES;
				CLANG_WARN_NON_LITERAL_NULL_CONVERSION = YES;
				CLANG_WARN_OBJC_LITERAL_CONVERSION = YES;
				CLANG_WARN_OBJC_ROOT_CLASS = YES_ERROR;
				CLANG_WARN_RANGE_LOOP_ANALYSIS = YES;
				CLANG_WARN_STRICT_PROTOTYPES = YES;
				CLANG_WARN_SUSPICIOUS_MOVE = YES;
				CLANG_WARN_UNGUARDED_AVAILABILITY = YES_AGGRESSIVE;
				CLANG_WARN_UNREACHABLE_CODE = YES;
				CLANG_WARN__DUPLICATE_METHOD_MATCH = YES;
				CODE_SIGN_IDENTITY = "iPhone Developer";
				COPY_PHASE_STRIP = NO;
				DEBUG_INFORMATION_FORMAT = "dwarf-with-dsym";
				ENABLE_NS_ASSERTIONS = NO;
				ENABLE_STRICT_OBJC_MSGSEND = YES;
				GCC_C_LANGUAGE_STANDARD = gnu11;
				GCC_NO_COMMON_BLOCKS = YES;
				GCC_WARN_64_TO_32_BIT_CONVERSION = YES;
				GCC_WARN_ABOUT_RETURN_TYPE = YES_ERROR;
				GCC_WARN_UNDECLARED_SELECTOR = YES;
				GCC_WARN_UNINITIALIZED_AUTOS = YES_AGGRESSIVE;
				GCC_WARN_UNUSED_FUNCTION = YES;
				GCC_WARN_UNUSED_VARIABLE = YES;
				IPHONEOS_DEPLOYMENT_TARGET = 9.0;
				MTL_ENABLE_DEBUG_INFO = NO;
				SDKROOT = iphoneos;
				VALIDATE_PRODUCT = YES;
			};
			name = Release;
		};
		66E712701F8F4DB200D8130E /* Debug */ = {
			isa = XCBuildConfiguration;
			baseConfigurationReference = 85698007F931D5D392B3F4B8 /* Pods-YU-IOS.debug.xcconfig */;
			buildSettings = {
				ASSETCATALOG_COMPILER_APPICON_NAME = AppIcon;
				ASSETCATALOG_COMPILER_LAUNCHIMAGE_NAME = LaunchImage;
				CLANG_ENABLE_OBJC_WEAK = YES;
				CODE_SIGN_STYLE = Automatic;
				DEVELOPMENT_TEAM = 7WHZ9LZAC3;
				GCC_PREFIX_HEADER = "$(SRCROOT)/YU-IOS/supporting file/PrefixHeader.pch";
				HEADER_SEARCH_PATHS = (
					"$(inherited)",
					"\"${PODS_ROOT}/Headers/Public\"",
					"\"${PODS_ROOT}/Headers/Public/AFNetworking\"",
					"\"${PODS_ROOT}/Headers/Public/MJRefresh\"",
					"\"${PODS_ROOT}/Headers/Public/Masonry\"",
					"\"${PODS_ROOT}/Headers/Public/SDWebImage\"",
					"\"${PODS_ROOT}/Headers/Public/YYModel\"",
					"${SDKROOT}/usr/include/libxml2",
				);
				INFOPLIST_FILE = "$(SRCROOT)/YU-IOS/supporting file/Info.plist";
				IPHONEOS_DEPLOYMENT_TARGET = 9.0;
				LD_RUNPATH_SEARCH_PATHS = "$(inherited) @executable_path/Frameworks";
				PRODUCT_BUNDLE_IDENTIFIER = "YH.YU-IOS";
				PRODUCT_NAME = "$(TARGET_NAME)";
				SYSTEM_HEADER_SEARCH_PATHS = "";
				TARGETED_DEVICE_FAMILY = "1,2";
			};
			name = Debug;
		};
		66E712711F8F4DB200D8130E /* Release */ = {
			isa = XCBuildConfiguration;
			baseConfigurationReference = AE02E3DA5D5C16F415053C32 /* Pods-YU-IOS.release.xcconfig */;
			buildSettings = {
				ASSETCATALOG_COMPILER_APPICON_NAME = AppIcon;
				ASSETCATALOG_COMPILER_LAUNCHIMAGE_NAME = LaunchImage;
				CLANG_ENABLE_OBJC_WEAK = YES;
				CODE_SIGN_STYLE = Automatic;
				DEVELOPMENT_TEAM = 7WHZ9LZAC3;
				GCC_PREFIX_HEADER = "$(SRCROOT)/YU-IOS/supporting file/PrefixHeader.pch";
				HEADER_SEARCH_PATHS = (
					"$(inherited)",
					"\"${PODS_ROOT}/Headers/Public\"",
					"\"${PODS_ROOT}/Headers/Public/AFNetworking\"",
					"\"${PODS_ROOT}/Headers/Public/MJRefresh\"",
					"\"${PODS_ROOT}/Headers/Public/Masonry\"",
					"\"${PODS_ROOT}/Headers/Public/SDWebImage\"",
					"\"${PODS_ROOT}/Headers/Public/YYModel\"",
					"${SDKROOT}/usr/include/libxml2",
				);
				INFOPLIST_FILE = "$(SRCROOT)/YU-IOS/supporting file/Info.plist";
				IPHONEOS_DEPLOYMENT_TARGET = 9.0;
				LD_RUNPATH_SEARCH_PATHS = "$(inherited) @executable_path/Frameworks";
				PRODUCT_BUNDLE_IDENTIFIER = "YH.YU-IOS";
				PRODUCT_NAME = "$(TARGET_NAME)";
				SYSTEM_HEADER_SEARCH_PATHS = "";
				TARGETED_DEVICE_FAMILY = "1,2";
			};
			name = Release;
		};
		66E712731F8F4DB200D8130E /* Debug */ = {
			isa = XCBuildConfiguration;
			buildSettings = {
				BUNDLE_LOADER = "$(TEST_HOST)";
				CODE_SIGN_STYLE = Automatic;
				DEVELOPMENT_TEAM = 7WHZ9LZAC3;
				INFOPLIST_FILE = "YU-IOSTests/Info.plist";
				LD_RUNPATH_SEARCH_PATHS = "$(inherited) @executable_path/Frameworks @loader_path/Frameworks";
				PRODUCT_BUNDLE_IDENTIFIER = "YH.YU-IOSTests";
				PRODUCT_NAME = "$(TARGET_NAME)";
				TARGETED_DEVICE_FAMILY = "1,2";
				TEST_HOST = "$(BUILT_PRODUCTS_DIR)/YU-IOS.app/YU-IOS";
			};
			name = Debug;
		};
		66E712741F8F4DB200D8130E /* Release */ = {
			isa = XCBuildConfiguration;
			buildSettings = {
				BUNDLE_LOADER = "$(TEST_HOST)";
				CODE_SIGN_STYLE = Automatic;
				DEVELOPMENT_TEAM = 7WHZ9LZAC3;
				INFOPLIST_FILE = "YU-IOSTests/Info.plist";
				LD_RUNPATH_SEARCH_PATHS = "$(inherited) @executable_path/Frameworks @loader_path/Frameworks";
				PRODUCT_BUNDLE_IDENTIFIER = "YH.YU-IOSTests";
				PRODUCT_NAME = "$(TARGET_NAME)";
				TARGETED_DEVICE_FAMILY = "1,2";
				TEST_HOST = "$(BUILT_PRODUCTS_DIR)/YU-IOS.app/YU-IOS";
			};
			name = Release;
		};
		66E712761F8F4DB200D8130E /* Debug */ = {
			isa = XCBuildConfiguration;
			buildSettings = {
				CODE_SIGN_STYLE = Automatic;
				DEVELOPMENT_TEAM = 7WHZ9LZAC3;
				INFOPLIST_FILE = "YU-IOSUITests/Info.plist";
				LD_RUNPATH_SEARCH_PATHS = "$(inherited) @executable_path/Frameworks @loader_path/Frameworks";
				PRODUCT_BUNDLE_IDENTIFIER = "YH.YU-IOSUITests";
				PRODUCT_NAME = "$(TARGET_NAME)";
				TARGETED_DEVICE_FAMILY = "1,2";
				TEST_TARGET_NAME = "YU-IOS";
			};
			name = Debug;
		};
		66E712771F8F4DB200D8130E /* Release */ = {
			isa = XCBuildConfiguration;
			buildSettings = {
				CODE_SIGN_STYLE = Automatic;
				DEVELOPMENT_TEAM = 7WHZ9LZAC3;
				INFOPLIST_FILE = "YU-IOSUITests/Info.plist";
				LD_RUNPATH_SEARCH_PATHS = "$(inherited) @executable_path/Frameworks @loader_path/Frameworks";
				PRODUCT_BUNDLE_IDENTIFIER = "YH.YU-IOSUITests";
				PRODUCT_NAME = "$(TARGET_NAME)";
				TARGETED_DEVICE_FAMILY = "1,2";
				TEST_TARGET_NAME = "YU-IOS";
			};
			name = Release;
		};
/* End XCBuildConfiguration section */

/* Begin XCConfigurationList section */
		66E7123E1F8F4DB100D8130E /* Build configuration list for PBXProject "YU-IOS" */ = {
			isa = XCConfigurationList;
			buildConfigurations = (
				66E7126D1F8F4DB200D8130E /* Debug */,
				66E7126E1F8F4DB200D8130E /* Release */,
			);
			defaultConfigurationIsVisible = 0;
			defaultConfigurationName = Release;
		};
		66E7126F1F8F4DB200D8130E /* Build configuration list for PBXNativeTarget "YU-IOS" */ = {
			isa = XCConfigurationList;
			buildConfigurations = (
				66E712701F8F4DB200D8130E /* Debug */,
				66E712711F8F4DB200D8130E /* Release */,
			);
			defaultConfigurationIsVisible = 0;
			defaultConfigurationName = Release;
		};
		66E712721F8F4DB200D8130E /* Build configuration list for PBXNativeTarget "YU-IOSTests" */ = {
			isa = XCConfigurationList;
			buildConfigurations = (
				66E712731F8F4DB200D8130E /* Debug */,
				66E712741F8F4DB200D8130E /* Release */,
			);
			defaultConfigurationIsVisible = 0;
			defaultConfigurationName = Release;
		};
		66E712751F8F4DB200D8130E /* Build configuration list for PBXNativeTarget "YU-IOSUITests" */ = {
			isa = XCConfigurationList;
			buildConfigurations = (
				66E712761F8F4DB200D8130E /* Debug */,
				66E712771F8F4DB200D8130E /* Release */,
			);
			defaultConfigurationIsVisible = 0;
			defaultConfigurationName = Release;
		};
/* End XCConfigurationList section */
	};
	rootObject = 66E7123B1F8F4DB100D8130E /* Project object */;
}
